// !$*UTF8*$!
{
	archiveVersion = 1;
	classes = {
	};
	objectVersion = 48;
	objects = {

/* Begin PBXBuildFile section */
		191A700620AFC40900D939C7 /* PlaceViewController.swift in Sources */ = {isa = PBXBuildFile; fileRef = 191A700520AFC40900D939C7 /* PlaceViewController.swift */; };
		191A700820AFC41800D939C7 /* PlaceCell.swift in Sources */ = {isa = PBXBuildFile; fileRef = 191A700720AFC41800D939C7 /* PlaceCell.swift */; };
		191A700C20AFE37000D939C7 /* EnrollViewController.swift in Sources */ = {isa = PBXBuildFile; fileRef = 191A700B20AFE37000D939C7 /* EnrollViewController.swift */; };
		191DFEC3204EA9520095E9C1 /* Note.storyboard in Resources */ = {isa = PBXBuildFile; fileRef = 191DFEC2204EA9520095E9C1 /* Note.storyboard */; };
		191FD3F820A8215F00918676 /* GoalCell.swift in Sources */ = {isa = PBXBuildFile; fileRef = 191FD3F620A8215F00918676 /* GoalCell.swift */; };
		191FD3FB20A8457000918676 /* WishViewController.swift in Sources */ = {isa = PBXBuildFile; fileRef = 191FD3FA20A8457000918676 /* WishViewController.swift */; };
		191FD3FD20A8457B00918676 /* ParentViewController.swift in Sources */ = {isa = PBXBuildFile; fileRef = 191FD3FC20A8457B00918676 /* ParentViewController.swift */; };
		191FD3FF20A8483E00918676 /* WishCell.swift in Sources */ = {isa = PBXBuildFile; fileRef = 191FD3FE20A8483E00918676 /* WishCell.swift */; };
		191FD40120A84CDD00918676 /* CompleteViewController.swift in Sources */ = {isa = PBXBuildFile; fileRef = 191FD40020A84CDD00918676 /* CompleteViewController.swift */; };
		1946CBB020AE4E3600A1A2BC /* GoalYesterdayView.xib in Resources */ = {isa = PBXBuildFile; fileRef = 1946CBAF20AE4E3600A1A2BC /* GoalYesterdayView.xib */; };
		1946CBB220AE4E4400A1A2BC /* GoalYesterdayView.swift in Sources */ = {isa = PBXBuildFile; fileRef = 1946CBB120AE4E4400A1A2BC /* GoalYesterdayView.swift */; };
		1946CBB420AE4E4F00A1A2BC /* WishYesterdayView.swift in Sources */ = {isa = PBXBuildFile; fileRef = 1946CBB320AE4E4F00A1A2BC /* WishYesterdayView.swift */; };
		1946CBB620AE4E5600A1A2BC /* WishYesterdayView.xib in Resources */ = {isa = PBXBuildFile; fileRef = 1946CBB520AE4E5600A1A2BC /* WishYesterdayView.xib */; };
		1946CBB920AE500500A1A2BC /* GoalYesterdayCell.swift in Sources */ = {isa = PBXBuildFile; fileRef = 1946CBB720AE500500A1A2BC /* GoalYesterdayCell.swift */; };
		1946CBBA20AE500500A1A2BC /* GoalYesterdayCell.xib in Resources */ = {isa = PBXBuildFile; fileRef = 1946CBB820AE500500A1A2BC /* GoalYesterdayCell.xib */; };
		1946CBBD20AE75C200A1A2BC /* WishYesterdayCell.swift in Sources */ = {isa = PBXBuildFile; fileRef = 1946CBBB20AE75C200A1A2BC /* WishYesterdayCell.swift */; };
		1946CBBE20AE75C200A1A2BC /* WishYesterdayCell.xib in Resources */ = {isa = PBXBuildFile; fileRef = 1946CBBC20AE75C200A1A2BC /* WishYesterdayCell.xib */; };
		194CD6DC20ABFA6900110AFD /* UIImage+.swift in Sources */ = {isa = PBXBuildFile; fileRef = 194CD6DB20ABFA6900110AFD /* UIImage+.swift */; };
		194CD6DE20AC4EFF00110AFD /* CardView.swift in Sources */ = {isa = PBXBuildFile; fileRef = 194CD6DD20AC4EFF00110AFD /* CardView.swift */; };
		194CD6E020AC4F0B00110AFD /* CardView.xib in Resources */ = {isa = PBXBuildFile; fileRef = 194CD6DF20AC4F0B00110AFD /* CardView.xib */; };
		194CD6E320AC4F5A00110AFD /* CardCell.swift in Sources */ = {isa = PBXBuildFile; fileRef = 194CD6E120AC4F5A00110AFD /* CardCell.swift */; };
		194CD6E420AC4F5A00110AFD /* CardCell.xib in Resources */ = {isa = PBXBuildFile; fileRef = 194CD6E220AC4F5A00110AFD /* CardCell.xib */; };
		195628B620701352004B3AF7 /* culture(3)_511111.jpg in Resources */ = {isa = PBXBuildFile; fileRef = 6B3FDE49206FECF10081332B /* culture(3)_511111.jpg */; };
		19587FFB20766A4000FD3D01 /* ERProgressHud.swift in Sources */ = {isa = PBXBuildFile; fileRef = 19587FFA20766A4000FD3D01 /* ERProgressHud.swift */; };
		195D639320B1122C005FB9FF /* EnrollInfo.swift in Sources */ = {isa = PBXBuildFile; fileRef = 195D639220B1122C005FB9FF /* EnrollInfo.swift */; };
		1964915520AF19F1003B0D9A /* MyDetailViewCells.swift in Sources */ = {isa = PBXBuildFile; fileRef = 1964915420AF19F1003B0D9A /* MyDetailViewCells.swift */; };
		196C4AE42041440100C7BFAF /* Login.storyboard in Resources */ = {isa = PBXBuildFile; fileRef = 196C4AE32041440100C7BFAF /* Login.storyboard */; };
		196C4AF22041455500C7BFAF /* LoginViewController.swift in Sources */ = {isa = PBXBuildFile; fileRef = 196C4AF12041455500C7BFAF /* LoginViewController.swift */; };
		196C4AF82041483200C7BFAF /* TabBarController.swift in Sources */ = {isa = PBXBuildFile; fileRef = 196C4AF72041483200C7BFAF /* TabBarController.swift */; };
		196C4AFA2041493600C7BFAF /* Map.storyboard in Resources */ = {isa = PBXBuildFile; fileRef = 196C4AF92041493600C7BFAF /* Map.storyboard */; };
		196E854C20AFE733009257A5 /* EnrollCells.swift in Sources */ = {isa = PBXBuildFile; fileRef = 196E854B20AFE733009257A5 /* EnrollCells.swift */; };
		1970BBC820AD4316005A593B /* ReachabilityManager.swift in Sources */ = {isa = PBXBuildFile; fileRef = 1970BBC720AD4316005A593B /* ReachabilityManager.swift */; };
		198A4D2820614D6900A78E83 /* ResearchViewController.swift in Sources */ = {isa = PBXBuildFile; fileRef = 198A4D2720614D6900A78E83 /* ResearchViewController.swift */; };
		198A4D2A20614D7A00A78E83 /* ResearchResultViewController.swift in Sources */ = {isa = PBXBuildFile; fileRef = 198A4D2920614D7A00A78E83 /* ResearchResultViewController.swift */; };
		198D92CB2061447E001325DD /* Start.storyboard in Resources */ = {isa = PBXBuildFile; fileRef = 198D92CA2061447E001325DD /* Start.storyboard */; };
		198D92CD206144A7001325DD /* StartViewController.swift in Sources */ = {isa = PBXBuildFile; fileRef = 198D92CC206144A7001325DD /* StartViewController.swift */; };
		199A930D2058E58B007509A1 /* ProjectInfo.swift in Sources */ = {isa = PBXBuildFile; fileRef = 199A930C2058E58B007509A1 /* ProjectInfo.swift */; };
		199A930F2058E595007509A1 /* UserInfo.swift in Sources */ = {isa = PBXBuildFile; fileRef = 199A930E2058E595007509A1 /* UserInfo.swift */; };
		199A93112058E59E007509A1 /* UserLocationInfo.swift in Sources */ = {isa = PBXBuildFile; fileRef = 199A93102058E59E007509A1 /* UserLocationInfo.swift */; };
		199A93132058E5A6007509A1 /* EmailInfo.swift in Sources */ = {isa = PBXBuildFile; fileRef = 199A93122058E5A6007509A1 /* EmailInfo.swift */; };
		199A93152058E5AF007509A1 /* GoalListInfo.swift in Sources */ = {isa = PBXBuildFile; fileRef = 199A93142058E5AF007509A1 /* GoalListInfo.swift */; };
		199A93172058E5B8007509A1 /* WishListInfo.swift in Sources */ = {isa = PBXBuildFile; fileRef = 199A93162058E5B8007509A1 /* WishListInfo.swift */; };
		199B9D47207E2A160067D7A8 /* Date+.swift in Sources */ = {isa = PBXBuildFile; fileRef = 199B9D46207E2A160067D7A8 /* Date+.swift */; };
		19A5780720622A5700240B87 /* PopupStartView.xib in Resources */ = {isa = PBXBuildFile; fileRef = 19A5780620622A5700240B87 /* PopupStartView.xib */; };
		19A5780920622A6700240B87 /* PopupStartView.swift in Sources */ = {isa = PBXBuildFile; fileRef = 19A5780820622A6700240B87 /* PopupStartView.swift */; };
		19B9365D20A7DB1800FC826E /* UIColor+.swift in Sources */ = {isa = PBXBuildFile; fileRef = 19B9365C20A7DB1800FC826E /* UIColor+.swift */; };
		19B9365F20A7DB4000FC826E /* UIFont+.swift in Sources */ = {isa = PBXBuildFile; fileRef = 19B9365E20A7DB4000FC826E /* UIFont+.swift */; };
		19B9366320A7E29C00FC826E /* GoalViewController.swift in Sources */ = {isa = PBXBuildFile; fileRef = 19B9366220A7E29C00FC826E /* GoalViewController.swift */; };
		19C54AA520A988A100717C6F /* PopupMeetUpView.xib in Resources */ = {isa = PBXBuildFile; fileRef = 19C54AA420A988A100717C6F /* PopupMeetUpView.xib */; };
		19C54AA720A988C400717C6F /* PopupMeetUpView.swift in Sources */ = {isa = PBXBuildFile; fileRef = 19C54AA620A988C400717C6F /* PopupMeetUpView.swift */; };
		19C54AAE20A99DDC00717C6F /* MyDetailViewController.swift in Sources */ = {isa = PBXBuildFile; fileRef = 19C54AAD20A99DDC00717C6F /* MyDetailViewController.swift */; };
		19C54AB520A9A10B00717C6F /* MeetUpCell.swift in Sources */ = {isa = PBXBuildFile; fileRef = 19C54AB320A9A10B00717C6F /* MeetUpCell.swift */; };
		19C54AB620A9A10B00717C6F /* MeetUpCell.xib in Resources */ = {isa = PBXBuildFile; fileRef = 19C54AB420A9A10B00717C6F /* MeetUpCell.xib */; };
		19E63EE120416D4D003D3155 /* GoogleService-Info.plist in Resources */ = {isa = PBXBuildFile; fileRef = 19E63EE020416D4D003D3155 /* GoogleService-Info.plist */; };
		19E6FCD020420F12006E76EC /* MapLocationInfo.swift in Sources */ = {isa = PBXBuildFile; fileRef = 19E6FCCF20420F12006E76EC /* MapLocationInfo.swift */; };
		19EF0FE820A960200013DCF9 /* My.storyboard in Resources */ = {isa = PBXBuildFile; fileRef = 19EF0FE720A960200013DCF9 /* My.storyboard */; };
		19EF0FEA20A960C70013DCF9 /* MyViewController.swift in Sources */ = {isa = PBXBuildFile; fileRef = 19EF0FE920A960C70013DCF9 /* MyViewController.swift */; };
		19F167E220B2A97600654914 /* Todo in Resources */ = {isa = PBXBuildFile; fileRef = 19F167E120B2A97600654914 /* Todo */; };
		19F2CDE12041419C00CB113B /* AppDelegate.swift in Sources */ = {isa = PBXBuildFile; fileRef = 19F2CDE02041419C00CB113B /* AppDelegate.swift */; };
		19F2CDE82041419C00CB113B /* Main.storyboard in Resources */ = {isa = PBXBuildFile; fileRef = 19F2CDE62041419C00CB113B /* Main.storyboard */; };
		19F2CDEA2041419C00CB113B /* Assets.xcassets in Resources */ = {isa = PBXBuildFile; fileRef = 19F2CDE92041419C00CB113B /* Assets.xcassets */; };
		19F2CDED2041419C00CB113B /* LaunchScreen.storyboard in Resources */ = {isa = PBXBuildFile; fileRef = 19F2CDEB2041419C00CB113B /* LaunchScreen.storyboard */; };
		4A8AC3322070221E002F6B32 /* testImage.png in Resources */ = {isa = PBXBuildFile; fileRef = 4A8AC3312070221E002F6B32 /* testImage.png */; };
		6B3FDE5D206FECFA0081332B /* coworking(3)_111115.jpg in Resources */ = {isa = PBXBuildFile; fileRef = 6B3FDE40206FECED0081332B /* coworking(3)_111115.jpg */; };
		6B3FDE5E206FECFA0081332B /* nature(4)_111511.jpg in Resources */ = {isa = PBXBuildFile; fileRef = 6B3FDE41206FECEE0081332B /* nature(4)_111511.jpg */; };
		6B3FDE5F206FECFA0081332B /* coworking(1)_111111.jpg in Resources */ = {isa = PBXBuildFile; fileRef = 6B3FDE42206FECEE0081332B /* coworking(1)_111111.jpg */; };
		6B3FDE60206FECFA0081332B /* coworking(1)_111115.jpg in Resources */ = {isa = PBXBuildFile; fileRef = 6B3FDE43206FECEE0081332B /* coworking(1)_111115.jpg */; };
		6B3FDE61206FECFA0081332B /* citynature(1)_111151.jpg in Resources */ = {isa = PBXBuildFile; fileRef = 6B3FDE44206FECEF0081332B /* citynature(1)_111151.jpg */; };
		6B3FDE62206FECFA0081332B /* leports(2)_115111.jpg in Resources */ = {isa = PBXBuildFile; fileRef = 6B3FDE45206FECEF0081332B /* leports(2)_115111.jpg */; };
		6B3FDE63206FECFA0081332B /* nature_111511.jpg in Resources */ = {isa = PBXBuildFile; fileRef = 6B3FDE46206FECEF0081332B /* nature_111511.jpg */; };
		6B3FDE64206FECFA0081332B /* coworking(2)_111111.jpg in Resources */ = {isa = PBXBuildFile; fileRef = 6B3FDE47206FECF00081332B /* coworking(2)_111111.jpg */; };
		6B3FDE65206FECFA0081332B /* nature(5)_111511.jpg in Resources */ = {isa = PBXBuildFile; fileRef = 6B3FDE48206FECF00081332B /* nature(5)_111511.jpg */; };
		6B3FDE67206FECFA0081332B /* culture(1)_511111.jpg in Resources */ = {isa = PBXBuildFile; fileRef = 6B3FDE4A206FECF10081332B /* culture(1)_511111.jpg */; };
		6B3FDE68206FECFA0081332B /* history(2)_151111.jpg in Resources */ = {isa = PBXBuildFile; fileRef = 6B3FDE4B206FECF10081332B /* history(2)_151111.jpg */; };
		6B3FDE69206FECFA0081332B /* leports_115111.jpg in Resources */ = {isa = PBXBuildFile; fileRef = 6B3FDE4C206FECF10081332B /* leports_115111.jpg */; };
		6B3FDE6A206FECFA0081332B /* coworking_111111.jpg in Resources */ = {isa = PBXBuildFile; fileRef = 6B3FDE4D206FECF20081332B /* coworking_111111.jpg */; };
		6B3FDE6B206FECFA0081332B /* citynature(2)_111151.jpg in Resources */ = {isa = PBXBuildFile; fileRef = 6B3FDE4E206FECF20081332B /* citynature(2)_111151.jpg */; };
		6B3FDE6C206FECFA0081332B /* citynature_111151.jpg in Resources */ = {isa = PBXBuildFile; fileRef = 6B3FDE4F206FECF30081332B /* citynature_111151.jpg */; };
		6B3FDE6D206FECFA0081332B /* nature(2)_111511.jpg in Resources */ = {isa = PBXBuildFile; fileRef = 6B3FDE50206FECF30081332B /* nature(2)_111511.jpg */; };
		6B3FDE6E206FECFA0081332B /* history_151111.jpg in Resources */ = {isa = PBXBuildFile; fileRef = 6B3FDE51206FECF40081332B /* history_151111.jpg */; };
		6B3FDE6F206FECFA0081332B /* leports(4)_115111.jpg in Resources */ = {isa = PBXBuildFile; fileRef = 6B3FDE52206FECF40081332B /* leports(4)_115111.jpg */; };
		6B3FDE70206FECFA0081332B /* coworking(2)_111115.jpg in Resources */ = {isa = PBXBuildFile; fileRef = 6B3FDE53206FECF50081332B /* coworking(2)_111115.jpg */; };
		6B3FDE71206FECFA0081332B /* leports(1)_115111.jpg in Resources */ = {isa = PBXBuildFile; fileRef = 6B3FDE54206FECF50081332B /* leports(1)_115111.jpg */; };
		6B3FDE72206FECFA0081332B /* coworking(3)_111111.jpg in Resources */ = {isa = PBXBuildFile; fileRef = 6B3FDE55206FECF60081332B /* coworking(3)_111111.jpg */; };
		6B3FDE73206FECFA0081332B /* culture(2)_511111.jpg in Resources */ = {isa = PBXBuildFile; fileRef = 6B3FDE56206FECF60081332B /* culture(2)_511111.jpg */; };
		6B3FDE74206FECFA0081332B /* nature(3)_111511.jpg in Resources */ = {isa = PBXBuildFile; fileRef = 6B3FDE57206FECF70081332B /* nature(3)_111511.jpg */; };
		6B3FDE75206FECFA0081332B /* leports(3)_115111.jpg in Resources */ = {isa = PBXBuildFile; fileRef = 6B3FDE58206FECF70081332B /* leports(3)_115111.jpg */; };
		6B3FDE76206FECFA0081332B /* nature(1)_111511.jpg in Resources */ = {isa = PBXBuildFile; fileRef = 6B3FDE59206FECF80081332B /* nature(1)_111511.jpg */; };
		6B3FDE77206FECFA0081332B /* culture_511111.jpg in Resources */ = {isa = PBXBuildFile; fileRef = 6B3FDE5A206FECF90081332B /* culture_511111.jpg */; };
		6B3FDE78206FECFA0081332B /* coworking_111115.jpg in Resources */ = {isa = PBXBuildFile; fileRef = 6B3FDE5B206FECF90081332B /* coworking_111115.jpg */; };
		6B3FDE79206FECFA0081332B /* history(1)_151111.jpg in Resources */ = {isa = PBXBuildFile; fileRef = 6B3FDE5C206FECFA0081332B /* history(1)_151111.jpg */; };
		6B5411D520418EA700DDB2D5 /* OpenGLES.framework in Frameworks */ = {isa = PBXBuildFile; fileRef = 6B5411D420418EA700DDB2D5 /* OpenGLES.framework */; };
		6B5411D720418EAE00DDB2D5 /* SystemConfiguration.framework in Frameworks */ = {isa = PBXBuildFile; fileRef = 6B5411D620418EAE00DDB2D5 /* SystemConfiguration.framework */; };
		6B5411D920418EB800DDB2D5 /* CoreLocation.framework in Frameworks */ = {isa = PBXBuildFile; fileRef = 6B5411D820418EB800DDB2D5 /* CoreLocation.framework */; };
		6B5411DB20418EBF00DDB2D5 /* QuartzCore.framework in Frameworks */ = {isa = PBXBuildFile; fileRef = 6B5411DA20418EBF00DDB2D5 /* QuartzCore.framework */; };
		6B5411DD20418ECA00DDB2D5 /* libstdc++.6.tbd in Frameworks */ = {isa = PBXBuildFile; fileRef = 6B5411DC20418ECA00DDB2D5 /* libstdc++.6.tbd */; };
		6B5411DF20418ED200DDB2D5 /* libxml2.tbd in Frameworks */ = {isa = PBXBuildFile; fileRef = 6B5411DE20418ED200DDB2D5 /* libxml2.tbd */; };
		6B5411E120418EDA00DDB2D5 /* libsqlite3.tbd in Frameworks */ = {isa = PBXBuildFile; fileRef = 6B5411E020418EDA00DDB2D5 /* libsqlite3.tbd */; };
		6B5412032041900600DDB2D5 /* map_pinup_custom@3x.png in Resources */ = {isa = PBXBuildFile; fileRef = 6B5411E72041900600DDB2D5 /* map_pinup_custom@3x.png */; };
		6B5412042041900600DDB2D5 /* map_pin_custom.png in Resources */ = {isa = PBXBuildFile; fileRef = 6B5411E82041900600DDB2D5 /* map_pin_custom.png */; };
		6B5412052041900600DDB2D5 /* shadow_balloon.png in Resources */ = {isa = PBXBuildFile; fileRef = 6B5411E92041900600DDB2D5 /* shadow_balloon.png */; };
		6B5412062041900600DDB2D5 /* map_pinup.png in Resources */ = {isa = PBXBuildFile; fileRef = 6B5411EA2041900600DDB2D5 /* map_pinup.png */; };
		6B5412072041900600DDB2D5 /* detail_button.png in Resources */ = {isa = PBXBuildFile; fileRef = 6B5411EB2041900600DDB2D5 /* detail_button.png */; };
		6B5412082041900600DDB2D5 /* map_pin_custom@3x.png in Resources */ = {isa = PBXBuildFile; fileRef = 6B5411EC2041900600DDB2D5 /* map_pin_custom@3x.png */; };
		6B5412092041900600DDB2D5 /* map_pinup@3x.png in Resources */ = {isa = PBXBuildFile; fileRef = 6B5411ED2041900600DDB2D5 /* map_pinup@3x.png */; };
		6B54120A2041900600DDB2D5 /* map_pin_shadow@3x.png in Resources */ = {isa = PBXBuildFile; fileRef = 6B5411EE2041900600DDB2D5 /* map_pin_shadow@3x.png */; };
		6B54120B2041900600DDB2D5 /* copyright.png in Resources */ = {isa = PBXBuildFile; fileRef = 6B5411EF2041900600DDB2D5 /* copyright.png */; };
		6B54120C2041900600DDB2D5 /* th_line.png in Resources */ = {isa = PBXBuildFile; fileRef = 6B5411F02041900600DDB2D5 /* th_line.png */; };
		6B54120D2041900600DDB2D5 /* map_pin_red@3x.png in Resources */ = {isa = PBXBuildFile; fileRef = 6B5411F12041900600DDB2D5 /* map_pin_red@3x.png */; };
		6B54120E2041900600DDB2D5 /* daum_copyright.png in Resources */ = {isa = PBXBuildFile; fileRef = 6B5411F22041900600DDB2D5 /* daum_copyright.png */; };
		6B54120F2041900600DDB2D5 /* map_pin@3x.png in Resources */ = {isa = PBXBuildFile; fileRef = 6B5411F32041900600DDB2D5 /* map_pin@3x.png */; };
		6B5412102041900600DDB2D5 /* map_present_tracking.png in Resources */ = {isa = PBXBuildFile; fileRef = 6B5411F42041900600DDB2D5 /* map_present_tracking.png */; };
		6B5412112041900600DDB2D5 /* map_pin_red.png in Resources */ = {isa = PBXBuildFile; fileRef = 6B5411F52041900600DDB2D5 /* map_pin_red.png */; };
		6B5412122041900600DDB2D5 /* info_box.png in Resources */ = {isa = PBXBuildFile; fileRef = 6B5411F62041900600DDB2D5 /* info_box.png */; };
		6B5412132041900600DDB2D5 /* point_sprite.png in Resources */ = {isa = PBXBuildFile; fileRef = 6B5411F72041900600DDB2D5 /* point_sprite.png */; };
		6B5412142041900600DDB2D5 /* map_pinup_custom.png in Resources */ = {isa = PBXBuildFile; fileRef = 6B5411F82041900600DDB2D5 /* map_pinup_custom.png */; };
		6B5412152041900600DDB2D5 /* info_box_tail.png in Resources */ = {isa = PBXBuildFile; fileRef = 6B5411F92041900600DDB2D5 /* info_box_tail.png */; };
		6B5412162041900600DDB2D5 /* noimage256.png in Resources */ = {isa = PBXBuildFile; fileRef = 6B5411FA2041900600DDB2D5 /* noimage256.png */; };
		6B5412172041900600DDB2D5 /* map_present_direction.png in Resources */ = {isa = PBXBuildFile; fileRef = 6B5411FB2041900600DDB2D5 /* map_present_direction.png */; };
		6B5412182041900600DDB2D5 /* map_pin.png in Resources */ = {isa = PBXBuildFile; fileRef = 6B5411FC2041900600DDB2D5 /* map_pin.png */; };
		6B5412192041900600DDB2D5 /* map_present.png in Resources */ = {isa = PBXBuildFile; fileRef = 6B5411FD2041900600DDB2D5 /* map_present.png */; };
		6B54121A2041900600DDB2D5 /* noimage.png in Resources */ = {isa = PBXBuildFile; fileRef = 6B5411FE2041900600DDB2D5 /* noimage.png */; };
		6B54121B2041900600DDB2D5 /* map_present_background_update.png in Resources */ = {isa = PBXBuildFile; fileRef = 6B5411FF2041900600DDB2D5 /* map_present_background_update.png */; };
		6B54121C2041900600DDB2D5 /* daum_th_line.png in Resources */ = {isa = PBXBuildFile; fileRef = 6B5412002041900600DDB2D5 /* daum_th_line.png */; };
		6B54121D2041900600DDB2D5 /* map_pin_shadow.png in Resources */ = {isa = PBXBuildFile; fileRef = 6B5412012041900600DDB2D5 /* map_pin_shadow.png */; };
		6B54121E2041900600DDB2D5 /* DaumMap.framework in Frameworks */ = {isa = PBXBuildFile; fileRef = 6B5412022041900600DDB2D5 /* DaumMap.framework */; };
		6B634A46204EF79F00A59EEF /* cafe.png in Resources */ = {isa = PBXBuildFile; fileRef = 6B634A43204EF79F00A59EEF /* cafe.png */; };
		6B634A47204EF79F00A59EEF /* restaurant.png in Resources */ = {isa = PBXBuildFile; fileRef = 6B634A44204EF79F00A59EEF /* restaurant.png */; };
		6B634A48204EF79F00A59EEF /* kamel.png in Resources */ = {isa = PBXBuildFile; fileRef = 6B634A45204EF79F00A59EEF /* kamel.png */; };
		6BA8A9C22070313500DD7B3B /* daejun.jpg in Resources */ = {isa = PBXBuildFile; fileRef = 6BA8A9B82070313300DD7B3B /* daejun.jpg */; };
		6BA8A9C32070313500DD7B3B /* gangwon.jpg in Resources */ = {isa = PBXBuildFile; fileRef = 6BA8A9B92070313300DD7B3B /* gangwon.jpg */; };
		6BA8A9C42070313500DD7B3B /* hamhae.JPG in Resources */ = {isa = PBXBuildFile; fileRef = 6BA8A9BA2070313300DD7B3B /* hamhae.JPG */; };
		6BA8A9C52070313500DD7B3B /* busan.jpg in Resources */ = {isa = PBXBuildFile; fileRef = 6BA8A9BB2070313400DD7B3B /* busan.jpg */; };
		6BA8A9C62070313500DD7B3B /* jaeju.jpg in Resources */ = {isa = PBXBuildFile; fileRef = 6BA8A9BC2070313400DD7B3B /* jaeju.jpg */; };
		6BA8A9C72070313500DD7B3B /* junju.jpg in Resources */ = {isa = PBXBuildFile; fileRef = 6BA8A9BD2070313400DD7B3B /* junju.jpg */; };
		6BA8A9C82070313500DD7B3B /* daegu.jpg in Resources */ = {isa = PBXBuildFile; fileRef = 6BA8A9BE2070313400DD7B3B /* daegu.jpg */; };
		6BA8A9C92070313500DD7B3B /* seoul.jpg in Resources */ = {isa = PBXBuildFile; fileRef = 6BA8A9BF2070313400DD7B3B /* seoul.jpg */; };
		6BA8A9CA2070313500DD7B3B /* gwanju.jpg in Resources */ = {isa = PBXBuildFile; fileRef = 6BA8A9C02070313400DD7B3B /* gwanju.jpg */; };
		6BA8A9CB2070313500DD7B3B /* incheon.jpg in Resources */ = {isa = PBXBuildFile; fileRef = 6BA8A9C12070313500DD7B3B /* incheon.jpg */; };
		CF98B968790711445E30E291 /* Pods_DigitalNomad.framework in Frameworks */ = {isa = PBXBuildFile; fileRef = EF0981C7A15615E7D418FFE8 /* Pods_DigitalNomad.framework */; };
/* End PBXBuildFile section */

/* Begin PBXFileReference section */
		127FCB1B722A87C86E4884FD /* Pods-DigitalNomad.release.xcconfig */ = {isa = PBXFileReference; includeInIndex = 1; lastKnownFileType = text.xcconfig; name = "Pods-DigitalNomad.release.xcconfig"; path = "Pods/Target Support Files/Pods-DigitalNomad/Pods-DigitalNomad.release.xcconfig"; sourceTree = "<group>"; };
		191A700520AFC40900D939C7 /* PlaceViewController.swift */ = {isa = PBXFileReference; lastKnownFileType = sourcecode.swift; path = PlaceViewController.swift; sourceTree = "<group>"; };
		191A700720AFC41800D939C7 /* PlaceCell.swift */ = {isa = PBXFileReference; lastKnownFileType = sourcecode.swift; path = PlaceCell.swift; sourceTree = "<group>"; };
		191A700B20AFE37000D939C7 /* EnrollViewController.swift */ = {isa = PBXFileReference; lastKnownFileType = sourcecode.swift; path = EnrollViewController.swift; sourceTree = "<group>"; };
		191DFEC2204EA9520095E9C1 /* Note.storyboard */ = {isa = PBXFileReference; lastKnownFileType = file.storyboard; path = Note.storyboard; sourceTree = "<group>"; };
		191FD3F620A8215F00918676 /* GoalCell.swift */ = {isa = PBXFileReference; lastKnownFileType = sourcecode.swift; path = GoalCell.swift; sourceTree = "<group>"; };
		191FD3FA20A8457000918676 /* WishViewController.swift */ = {isa = PBXFileReference; lastKnownFileType = sourcecode.swift; path = WishViewController.swift; sourceTree = "<group>"; };
		191FD3FC20A8457B00918676 /* ParentViewController.swift */ = {isa = PBXFileReference; lastKnownFileType = sourcecode.swift; path = ParentViewController.swift; sourceTree = "<group>"; };
		191FD3FE20A8483E00918676 /* WishCell.swift */ = {isa = PBXFileReference; lastKnownFileType = sourcecode.swift; path = WishCell.swift; sourceTree = "<group>"; };
		191FD40020A84CDD00918676 /* CompleteViewController.swift */ = {isa = PBXFileReference; lastKnownFileType = sourcecode.swift; path = CompleteViewController.swift; sourceTree = "<group>"; };
		1946CBAF20AE4E3600A1A2BC /* GoalYesterdayView.xib */ = {isa = PBXFileReference; lastKnownFileType = file.xib; path = GoalYesterdayView.xib; sourceTree = "<group>"; };
		1946CBB120AE4E4400A1A2BC /* GoalYesterdayView.swift */ = {isa = PBXFileReference; lastKnownFileType = sourcecode.swift; path = GoalYesterdayView.swift; sourceTree = "<group>"; };
		1946CBB320AE4E4F00A1A2BC /* WishYesterdayView.swift */ = {isa = PBXFileReference; lastKnownFileType = sourcecode.swift; path = WishYesterdayView.swift; sourceTree = "<group>"; };
		1946CBB520AE4E5600A1A2BC /* WishYesterdayView.xib */ = {isa = PBXFileReference; lastKnownFileType = file.xib; path = WishYesterdayView.xib; sourceTree = "<group>"; };
		1946CBB720AE500500A1A2BC /* GoalYesterdayCell.swift */ = {isa = PBXFileReference; lastKnownFileType = sourcecode.swift; path = GoalYesterdayCell.swift; sourceTree = "<group>"; };
		1946CBB820AE500500A1A2BC /* GoalYesterdayCell.xib */ = {isa = PBXFileReference; lastKnownFileType = file.xib; path = GoalYesterdayCell.xib; sourceTree = "<group>"; };
		1946CBBB20AE75C200A1A2BC /* WishYesterdayCell.swift */ = {isa = PBXFileReference; lastKnownFileType = sourcecode.swift; path = WishYesterdayCell.swift; sourceTree = "<group>"; };
		1946CBBC20AE75C200A1A2BC /* WishYesterdayCell.xib */ = {isa = PBXFileReference; lastKnownFileType = file.xib; path = WishYesterdayCell.xib; sourceTree = "<group>"; };
		194CD6DB20ABFA6900110AFD /* UIImage+.swift */ = {isa = PBXFileReference; lastKnownFileType = sourcecode.swift; path = "UIImage+.swift"; sourceTree = "<group>"; };
		194CD6DD20AC4EFF00110AFD /* CardView.swift */ = {isa = PBXFileReference; lastKnownFileType = sourcecode.swift; path = CardView.swift; sourceTree = "<group>"; };
		194CD6DF20AC4F0B00110AFD /* CardView.xib */ = {isa = PBXFileReference; lastKnownFileType = file.xib; path = CardView.xib; sourceTree = "<group>"; };
		194CD6E120AC4F5A00110AFD /* CardCell.swift */ = {isa = PBXFileReference; lastKnownFileType = sourcecode.swift; path = CardCell.swift; sourceTree = "<group>"; };
		194CD6E220AC4F5A00110AFD /* CardCell.xib */ = {isa = PBXFileReference; lastKnownFileType = file.xib; path = CardCell.xib; sourceTree = "<group>"; };
		19587FFA20766A4000FD3D01 /* ERProgressHud.swift */ = {isa = PBXFileReference; lastKnownFileType = sourcecode.swift; path = ERProgressHud.swift; sourceTree = "<group>"; };
		195D639220B1122C005FB9FF /* EnrollInfo.swift */ = {isa = PBXFileReference; lastKnownFileType = sourcecode.swift; path = EnrollInfo.swift; sourceTree = "<group>"; };
		1964915420AF19F1003B0D9A /* MyDetailViewCells.swift */ = {isa = PBXFileReference; lastKnownFileType = sourcecode.swift; path = MyDetailViewCells.swift; sourceTree = "<group>"; };
		196C4AE32041440100C7BFAF /* Login.storyboard */ = {isa = PBXFileReference; lastKnownFileType = file.storyboard; path = Login.storyboard; sourceTree = "<group>"; };
		196C4AF12041455500C7BFAF /* LoginViewController.swift */ = {isa = PBXFileReference; lastKnownFileType = sourcecode.swift; path = LoginViewController.swift; sourceTree = "<group>"; };
		196C4AF5204145B200C7BFAF /* ko */ = {isa = PBXFileReference; lastKnownFileType = text.plist.strings; name = ko; path = ko.lproj/Main.strings; sourceTree = "<group>"; };
		196C4AF6204145B200C7BFAF /* ko */ = {isa = PBXFileReference; lastKnownFileType = text.plist.strings; name = ko; path = ko.lproj/LaunchScreen.strings; sourceTree = "<group>"; };
		196C4AF72041483200C7BFAF /* TabBarController.swift */ = {isa = PBXFileReference; lastKnownFileType = sourcecode.swift; path = TabBarController.swift; sourceTree = "<group>"; };
		196C4AF92041493600C7BFAF /* Map.storyboard */ = {isa = PBXFileReference; lastKnownFileType = file.storyboard; path = Map.storyboard; sourceTree = "<group>"; };
		196E854B20AFE733009257A5 /* EnrollCells.swift */ = {isa = PBXFileReference; lastKnownFileType = sourcecode.swift; path = EnrollCells.swift; sourceTree = "<group>"; };
		1970BBC720AD4316005A593B /* ReachabilityManager.swift */ = {isa = PBXFileReference; lastKnownFileType = sourcecode.swift; path = ReachabilityManager.swift; sourceTree = "<group>"; };
		198A4D2720614D6900A78E83 /* ResearchViewController.swift */ = {isa = PBXFileReference; lastKnownFileType = sourcecode.swift; path = ResearchViewController.swift; sourceTree = "<group>"; };
		198A4D2920614D7A00A78E83 /* ResearchResultViewController.swift */ = {isa = PBXFileReference; lastKnownFileType = sourcecode.swift; path = ResearchResultViewController.swift; sourceTree = "<group>"; };
		198D92CA2061447E001325DD /* Start.storyboard */ = {isa = PBXFileReference; lastKnownFileType = file.storyboard; path = Start.storyboard; sourceTree = "<group>"; };
		198D92CC206144A7001325DD /* StartViewController.swift */ = {isa = PBXFileReference; lastKnownFileType = sourcecode.swift; path = StartViewController.swift; sourceTree = "<group>"; };
		199A930C2058E58B007509A1 /* ProjectInfo.swift */ = {isa = PBXFileReference; lastKnownFileType = sourcecode.swift; path = ProjectInfo.swift; sourceTree = "<group>"; };
		199A930E2058E595007509A1 /* UserInfo.swift */ = {isa = PBXFileReference; lastKnownFileType = sourcecode.swift; path = UserInfo.swift; sourceTree = "<group>"; };
		199A93102058E59E007509A1 /* UserLocationInfo.swift */ = {isa = PBXFileReference; lastKnownFileType = sourcecode.swift; path = UserLocationInfo.swift; sourceTree = "<group>"; };
		199A93122058E5A6007509A1 /* EmailInfo.swift */ = {isa = PBXFileReference; lastKnownFileType = sourcecode.swift; path = EmailInfo.swift; sourceTree = "<group>"; };
		199A93142058E5AF007509A1 /* GoalListInfo.swift */ = {isa = PBXFileReference; lastKnownFileType = sourcecode.swift; path = GoalListInfo.swift; sourceTree = "<group>"; };
		199A93162058E5B8007509A1 /* WishListInfo.swift */ = {isa = PBXFileReference; lastKnownFileType = sourcecode.swift; path = WishListInfo.swift; sourceTree = "<group>"; };
		199B9D46207E2A160067D7A8 /* Date+.swift */ = {isa = PBXFileReference; lastKnownFileType = sourcecode.swift; path = "Date+.swift"; sourceTree = "<group>"; };
		19A5780620622A5700240B87 /* PopupStartView.xib */ = {isa = PBXFileReference; lastKnownFileType = file.xib; path = PopupStartView.xib; sourceTree = "<group>"; };
		19A5780820622A6700240B87 /* PopupStartView.swift */ = {isa = PBXFileReference; lastKnownFileType = sourcecode.swift; path = PopupStartView.swift; sourceTree = "<group>"; };
		19B9365C20A7DB1800FC826E /* UIColor+.swift */ = {isa = PBXFileReference; lastKnownFileType = sourcecode.swift; path = "UIColor+.swift"; sourceTree = "<group>"; };
		19B9365E20A7DB4000FC826E /* UIFont+.swift */ = {isa = PBXFileReference; lastKnownFileType = sourcecode.swift; path = "UIFont+.swift"; sourceTree = "<group>"; };
		19B9366220A7E29C00FC826E /* GoalViewController.swift */ = {isa = PBXFileReference; lastKnownFileType = sourcecode.swift; path = GoalViewController.swift; sourceTree = "<group>"; };
		19C54AA420A988A100717C6F /* PopupMeetUpView.xib */ = {isa = PBXFileReference; lastKnownFileType = file.xib; path = PopupMeetUpView.xib; sourceTree = "<group>"; };
		19C54AA620A988C400717C6F /* PopupMeetUpView.swift */ = {isa = PBXFileReference; lastKnownFileType = sourcecode.swift; path = PopupMeetUpView.swift; sourceTree = "<group>"; };
		19C54AAD20A99DDC00717C6F /* MyDetailViewController.swift */ = {isa = PBXFileReference; lastKnownFileType = sourcecode.swift; path = MyDetailViewController.swift; sourceTree = "<group>"; };
		19C54AB320A9A10B00717C6F /* MeetUpCell.swift */ = {isa = PBXFileReference; lastKnownFileType = sourcecode.swift; path = MeetUpCell.swift; sourceTree = "<group>"; };
		19C54AB420A9A10B00717C6F /* MeetUpCell.xib */ = {isa = PBXFileReference; lastKnownFileType = file.xib; path = MeetUpCell.xib; sourceTree = "<group>"; };
		19E63EE020416D4D003D3155 /* GoogleService-Info.plist */ = {isa = PBXFileReference; fileEncoding = 4; lastKnownFileType = text.plist.xml; path = "GoogleService-Info.plist"; sourceTree = "<group>"; };
		19E6FCCF20420F12006E76EC /* MapLocationInfo.swift */ = {isa = PBXFileReference; lastKnownFileType = sourcecode.swift; path = MapLocationInfo.swift; sourceTree = "<group>"; };
		19EF0FE720A960200013DCF9 /* My.storyboard */ = {isa = PBXFileReference; lastKnownFileType = file.storyboard; path = My.storyboard; sourceTree = "<group>"; };
		19EF0FE920A960C70013DCF9 /* MyViewController.swift */ = {isa = PBXFileReference; lastKnownFileType = sourcecode.swift; path = MyViewController.swift; sourceTree = "<group>"; };
		19F167E120B2A97600654914 /* Todo */ = {isa = PBXFileReference; lastKnownFileType = text; path = Todo; sourceTree = "<group>"; };
		19F2CDDD2041419B00CB113B /* DigitalNomad.app */ = {isa = PBXFileReference; explicitFileType = wrapper.application; includeInIndex = 0; path = DigitalNomad.app; sourceTree = BUILT_PRODUCTS_DIR; };
		19F2CDE02041419C00CB113B /* AppDelegate.swift */ = {isa = PBXFileReference; lastKnownFileType = sourcecode.swift; path = AppDelegate.swift; sourceTree = "<group>"; };
		19F2CDE72041419C00CB113B /* Base */ = {isa = PBXFileReference; lastKnownFileType = file.storyboard; name = Base; path = Base.lproj/Main.storyboard; sourceTree = "<group>"; };
		19F2CDE92041419C00CB113B /* Assets.xcassets */ = {isa = PBXFileReference; lastKnownFileType = folder.assetcatalog; path = Assets.xcassets; sourceTree = "<group>"; };
		19F2CDEC2041419C00CB113B /* Base */ = {isa = PBXFileReference; lastKnownFileType = file.storyboard; name = Base; path = Base.lproj/LaunchScreen.storyboard; sourceTree = "<group>"; };
		19F2CDEE2041419C00CB113B /* Info.plist */ = {isa = PBXFileReference; lastKnownFileType = text.plist.xml; path = Info.plist; sourceTree = "<group>"; };
		4A8AC3312070221E002F6B32 /* testImage.png */ = {isa = PBXFileReference; lastKnownFileType = image.png; path = testImage.png; sourceTree = "<group>"; };
		6B3FDE40206FECED0081332B /* coworking(3)_111115.jpg */ = {isa = PBXFileReference; lastKnownFileType = image.jpeg; path = "coworking(3)_111115.jpg"; sourceTree = "<group>"; };
		6B3FDE41206FECEE0081332B /* nature(4)_111511.jpg */ = {isa = PBXFileReference; lastKnownFileType = image.jpeg; path = "nature(4)_111511.jpg"; sourceTree = "<group>"; };
		6B3FDE42206FECEE0081332B /* coworking(1)_111111.jpg */ = {isa = PBXFileReference; lastKnownFileType = image.jpeg; path = "coworking(1)_111111.jpg"; sourceTree = "<group>"; };
		6B3FDE43206FECEE0081332B /* coworking(1)_111115.jpg */ = {isa = PBXFileReference; lastKnownFileType = image.jpeg; path = "coworking(1)_111115.jpg"; sourceTree = "<group>"; };
		6B3FDE44206FECEF0081332B /* citynature(1)_111151.jpg */ = {isa = PBXFileReference; lastKnownFileType = image.jpeg; path = "citynature(1)_111151.jpg"; sourceTree = "<group>"; };
		6B3FDE45206FECEF0081332B /* leports(2)_115111.jpg */ = {isa = PBXFileReference; lastKnownFileType = image.jpeg; path = "leports(2)_115111.jpg"; sourceTree = "<group>"; };
		6B3FDE46206FECEF0081332B /* nature_111511.jpg */ = {isa = PBXFileReference; lastKnownFileType = image.jpeg; path = nature_111511.jpg; sourceTree = "<group>"; };
		6B3FDE47206FECF00081332B /* coworking(2)_111111.jpg */ = {isa = PBXFileReference; lastKnownFileType = image.jpeg; path = "coworking(2)_111111.jpg"; sourceTree = "<group>"; };
		6B3FDE48206FECF00081332B /* nature(5)_111511.jpg */ = {isa = PBXFileReference; lastKnownFileType = image.jpeg; path = "nature(5)_111511.jpg"; sourceTree = "<group>"; };
		6B3FDE49206FECF10081332B /* culture(3)_511111.jpg */ = {isa = PBXFileReference; lastKnownFileType = image.jpeg; path = "culture(3)_511111.jpg"; sourceTree = "<group>"; };
		6B3FDE4A206FECF10081332B /* culture(1)_511111.jpg */ = {isa = PBXFileReference; lastKnownFileType = image.jpeg; path = "culture(1)_511111.jpg"; sourceTree = "<group>"; };
		6B3FDE4B206FECF10081332B /* history(2)_151111.jpg */ = {isa = PBXFileReference; lastKnownFileType = image.jpeg; path = "history(2)_151111.jpg"; sourceTree = "<group>"; };
		6B3FDE4C206FECF10081332B /* leports_115111.jpg */ = {isa = PBXFileReference; lastKnownFileType = image.jpeg; path = leports_115111.jpg; sourceTree = "<group>"; };
		6B3FDE4D206FECF20081332B /* coworking_111111.jpg */ = {isa = PBXFileReference; lastKnownFileType = image.jpeg; path = coworking_111111.jpg; sourceTree = "<group>"; };
		6B3FDE4E206FECF20081332B /* citynature(2)_111151.jpg */ = {isa = PBXFileReference; lastKnownFileType = image.jpeg; path = "citynature(2)_111151.jpg"; sourceTree = "<group>"; };
		6B3FDE4F206FECF30081332B /* citynature_111151.jpg */ = {isa = PBXFileReference; lastKnownFileType = image.jpeg; path = citynature_111151.jpg; sourceTree = "<group>"; };
		6B3FDE50206FECF30081332B /* nature(2)_111511.jpg */ = {isa = PBXFileReference; lastKnownFileType = image.jpeg; path = "nature(2)_111511.jpg"; sourceTree = "<group>"; };
		6B3FDE51206FECF40081332B /* history_151111.jpg */ = {isa = PBXFileReference; lastKnownFileType = image.jpeg; path = history_151111.jpg; sourceTree = "<group>"; };
		6B3FDE52206FECF40081332B /* leports(4)_115111.jpg */ = {isa = PBXFileReference; lastKnownFileType = image.jpeg; path = "leports(4)_115111.jpg"; sourceTree = "<group>"; };
		6B3FDE53206FECF50081332B /* coworking(2)_111115.jpg */ = {isa = PBXFileReference; lastKnownFileType = image.jpeg; path = "coworking(2)_111115.jpg"; sourceTree = "<group>"; };
		6B3FDE54206FECF50081332B /* leports(1)_115111.jpg */ = {isa = PBXFileReference; lastKnownFileType = image.jpeg; path = "leports(1)_115111.jpg"; sourceTree = "<group>"; };
		6B3FDE55206FECF60081332B /* coworking(3)_111111.jpg */ = {isa = PBXFileReference; lastKnownFileType = image.jpeg; path = "coworking(3)_111111.jpg"; sourceTree = "<group>"; };
		6B3FDE56206FECF60081332B /* culture(2)_511111.jpg */ = {isa = PBXFileReference; lastKnownFileType = image.jpeg; path = "culture(2)_511111.jpg"; sourceTree = "<group>"; };
		6B3FDE57206FECF70081332B /* nature(3)_111511.jpg */ = {isa = PBXFileReference; lastKnownFileType = image.jpeg; path = "nature(3)_111511.jpg"; sourceTree = "<group>"; };
		6B3FDE58206FECF70081332B /* leports(3)_115111.jpg */ = {isa = PBXFileReference; lastKnownFileType = image.jpeg; path = "leports(3)_115111.jpg"; sourceTree = "<group>"; };
		6B3FDE59206FECF80081332B /* nature(1)_111511.jpg */ = {isa = PBXFileReference; lastKnownFileType = image.jpeg; path = "nature(1)_111511.jpg"; sourceTree = "<group>"; };
		6B3FDE5A206FECF90081332B /* culture_511111.jpg */ = {isa = PBXFileReference; lastKnownFileType = image.jpeg; path = culture_511111.jpg; sourceTree = "<group>"; };
		6B3FDE5B206FECF90081332B /* coworking_111115.jpg */ = {isa = PBXFileReference; lastKnownFileType = image.jpeg; path = coworking_111115.jpg; sourceTree = "<group>"; };
		6B3FDE5C206FECFA0081332B /* history(1)_151111.jpg */ = {isa = PBXFileReference; lastKnownFileType = image.jpeg; path = "history(1)_151111.jpg"; sourceTree = "<group>"; };
		6B5411D420418EA700DDB2D5 /* OpenGLES.framework */ = {isa = PBXFileReference; lastKnownFileType = wrapper.framework; name = OpenGLES.framework; path = System/Library/Frameworks/OpenGLES.framework; sourceTree = SDKROOT; };
		6B5411D620418EAE00DDB2D5 /* SystemConfiguration.framework */ = {isa = PBXFileReference; lastKnownFileType = wrapper.framework; name = SystemConfiguration.framework; path = System/Library/Frameworks/SystemConfiguration.framework; sourceTree = SDKROOT; };
		6B5411D820418EB800DDB2D5 /* CoreLocation.framework */ = {isa = PBXFileReference; lastKnownFileType = wrapper.framework; name = CoreLocation.framework; path = System/Library/Frameworks/CoreLocation.framework; sourceTree = SDKROOT; };
		6B5411DA20418EBF00DDB2D5 /* QuartzCore.framework */ = {isa = PBXFileReference; lastKnownFileType = wrapper.framework; name = QuartzCore.framework; path = System/Library/Frameworks/QuartzCore.framework; sourceTree = SDKROOT; };
		6B5411DC20418ECA00DDB2D5 /* libstdc++.6.tbd */ = {isa = PBXFileReference; lastKnownFileType = "sourcecode.text-based-dylib-definition"; name = "libstdc++.6.tbd"; path = "usr/lib/libstdc++.6.tbd"; sourceTree = SDKROOT; };
		6B5411DE20418ED200DDB2D5 /* libxml2.tbd */ = {isa = PBXFileReference; lastKnownFileType = "sourcecode.text-based-dylib-definition"; name = libxml2.tbd; path = usr/lib/libxml2.tbd; sourceTree = SDKROOT; };
		6B5411E020418EDA00DDB2D5 /* libsqlite3.tbd */ = {isa = PBXFileReference; lastKnownFileType = "sourcecode.text-based-dylib-definition"; name = libsqlite3.tbd; path = usr/lib/libsqlite3.tbd; sourceTree = SDKROOT; };
		6B5411E220418F3000DDB2D5 /* DigitalNomad-Bridging-Header.h */ = {isa = PBXFileReference; lastKnownFileType = sourcecode.c.h; path = "DigitalNomad-Bridging-Header.h"; sourceTree = "<group>"; };
		6B5411E72041900600DDB2D5 /* map_pinup_custom@3x.png */ = {isa = PBXFileReference; lastKnownFileType = image.png; path = "map_pinup_custom@3x.png"; sourceTree = "<group>"; };
		6B5411E82041900600DDB2D5 /* map_pin_custom.png */ = {isa = PBXFileReference; lastKnownFileType = image.png; path = map_pin_custom.png; sourceTree = "<group>"; };
		6B5411E92041900600DDB2D5 /* shadow_balloon.png */ = {isa = PBXFileReference; lastKnownFileType = image.png; path = shadow_balloon.png; sourceTree = "<group>"; };
		6B5411EA2041900600DDB2D5 /* map_pinup.png */ = {isa = PBXFileReference; lastKnownFileType = image.png; path = map_pinup.png; sourceTree = "<group>"; };
		6B5411EB2041900600DDB2D5 /* detail_button.png */ = {isa = PBXFileReference; lastKnownFileType = image.png; path = detail_button.png; sourceTree = "<group>"; };
		6B5411EC2041900600DDB2D5 /* map_pin_custom@3x.png */ = {isa = PBXFileReference; lastKnownFileType = image.png; path = "map_pin_custom@3x.png"; sourceTree = "<group>"; };
		6B5411ED2041900600DDB2D5 /* map_pinup@3x.png */ = {isa = PBXFileReference; lastKnownFileType = image.png; path = "map_pinup@3x.png"; sourceTree = "<group>"; };
		6B5411EE2041900600DDB2D5 /* map_pin_shadow@3x.png */ = {isa = PBXFileReference; lastKnownFileType = image.png; path = "map_pin_shadow@3x.png"; sourceTree = "<group>"; };
		6B5411EF2041900600DDB2D5 /* copyright.png */ = {isa = PBXFileReference; lastKnownFileType = image.png; path = copyright.png; sourceTree = "<group>"; };
		6B5411F02041900600DDB2D5 /* th_line.png */ = {isa = PBXFileReference; lastKnownFileType = image.png; path = th_line.png; sourceTree = "<group>"; };
		6B5411F12041900600DDB2D5 /* map_pin_red@3x.png */ = {isa = PBXFileReference; lastKnownFileType = image.png; path = "map_pin_red@3x.png"; sourceTree = "<group>"; };
		6B5411F22041900600DDB2D5 /* daum_copyright.png */ = {isa = PBXFileReference; lastKnownFileType = image.png; path = daum_copyright.png; sourceTree = "<group>"; };
		6B5411F32041900600DDB2D5 /* map_pin@3x.png */ = {isa = PBXFileReference; lastKnownFileType = image.png; path = "map_pin@3x.png"; sourceTree = "<group>"; };
		6B5411F42041900600DDB2D5 /* map_present_tracking.png */ = {isa = PBXFileReference; lastKnownFileType = image.png; path = map_present_tracking.png; sourceTree = "<group>"; };
		6B5411F52041900600DDB2D5 /* map_pin_red.png */ = {isa = PBXFileReference; lastKnownFileType = image.png; path = map_pin_red.png; sourceTree = "<group>"; };
		6B5411F62041900600DDB2D5 /* info_box.png */ = {isa = PBXFileReference; lastKnownFileType = image.png; path = info_box.png; sourceTree = "<group>"; };
		6B5411F72041900600DDB2D5 /* point_sprite.png */ = {isa = PBXFileReference; lastKnownFileType = image.png; path = point_sprite.png; sourceTree = "<group>"; };
		6B5411F82041900600DDB2D5 /* map_pinup_custom.png */ = {isa = PBXFileReference; lastKnownFileType = image.png; path = map_pinup_custom.png; sourceTree = "<group>"; };
		6B5411F92041900600DDB2D5 /* info_box_tail.png */ = {isa = PBXFileReference; lastKnownFileType = image.png; path = info_box_tail.png; sourceTree = "<group>"; };
		6B5411FA2041900600DDB2D5 /* noimage256.png */ = {isa = PBXFileReference; lastKnownFileType = image.png; path = noimage256.png; sourceTree = "<group>"; };
		6B5411FB2041900600DDB2D5 /* map_present_direction.png */ = {isa = PBXFileReference; lastKnownFileType = image.png; path = map_present_direction.png; sourceTree = "<group>"; };
		6B5411FC2041900600DDB2D5 /* map_pin.png */ = {isa = PBXFileReference; lastKnownFileType = image.png; path = map_pin.png; sourceTree = "<group>"; };
		6B5411FD2041900600DDB2D5 /* map_present.png */ = {isa = PBXFileReference; lastKnownFileType = image.png; path = map_present.png; sourceTree = "<group>"; };
		6B5411FE2041900600DDB2D5 /* noimage.png */ = {isa = PBXFileReference; lastKnownFileType = image.png; path = noimage.png; sourceTree = "<group>"; };
		6B5411FF2041900600DDB2D5 /* map_present_background_update.png */ = {isa = PBXFileReference; lastKnownFileType = image.png; path = map_present_background_update.png; sourceTree = "<group>"; };
		6B5412002041900600DDB2D5 /* daum_th_line.png */ = {isa = PBXFileReference; lastKnownFileType = image.png; path = daum_th_line.png; sourceTree = "<group>"; };
		6B5412012041900600DDB2D5 /* map_pin_shadow.png */ = {isa = PBXFileReference; lastKnownFileType = image.png; path = map_pin_shadow.png; sourceTree = "<group>"; };
		6B5412022041900600DDB2D5 /* DaumMap.framework */ = {isa = PBXFileReference; lastKnownFileType = wrapper.framework; path = DaumMap.framework; sourceTree = "<group>"; };
		6B634A43204EF79F00A59EEF /* cafe.png */ = {isa = PBXFileReference; lastKnownFileType = image.png; path = cafe.png; sourceTree = "<group>"; };
		6B634A44204EF79F00A59EEF /* restaurant.png */ = {isa = PBXFileReference; lastKnownFileType = image.png; path = restaurant.png; sourceTree = "<group>"; };
		6B634A45204EF79F00A59EEF /* kamel.png */ = {isa = PBXFileReference; lastKnownFileType = image.png; path = kamel.png; sourceTree = "<group>"; };
		6BA8A9B82070313300DD7B3B /* daejun.jpg */ = {isa = PBXFileReference; lastKnownFileType = image.jpeg; path = daejun.jpg; sourceTree = "<group>"; };
		6BA8A9B92070313300DD7B3B /* gangwon.jpg */ = {isa = PBXFileReference; lastKnownFileType = image.jpeg; path = gangwon.jpg; sourceTree = "<group>"; };
		6BA8A9BA2070313300DD7B3B /* hamhae.JPG */ = {isa = PBXFileReference; lastKnownFileType = image.jpeg; path = hamhae.JPG; sourceTree = "<group>"; };
		6BA8A9BB2070313400DD7B3B /* busan.jpg */ = {isa = PBXFileReference; lastKnownFileType = image.jpeg; path = busan.jpg; sourceTree = "<group>"; };
		6BA8A9BC2070313400DD7B3B /* jaeju.jpg */ = {isa = PBXFileReference; lastKnownFileType = image.jpeg; path = jaeju.jpg; sourceTree = "<group>"; };
		6BA8A9BD2070313400DD7B3B /* junju.jpg */ = {isa = PBXFileReference; lastKnownFileType = image.jpeg; path = junju.jpg; sourceTree = "<group>"; };
		6BA8A9BE2070313400DD7B3B /* daegu.jpg */ = {isa = PBXFileReference; lastKnownFileType = image.jpeg; path = daegu.jpg; sourceTree = "<group>"; };
		6BA8A9BF2070313400DD7B3B /* seoul.jpg */ = {isa = PBXFileReference; lastKnownFileType = image.jpeg; path = seoul.jpg; sourceTree = "<group>"; };
		6BA8A9C02070313400DD7B3B /* gwanju.jpg */ = {isa = PBXFileReference; lastKnownFileType = image.jpeg; path = gwanju.jpg; sourceTree = "<group>"; };
		6BA8A9C12070313500DD7B3B /* incheon.jpg */ = {isa = PBXFileReference; lastKnownFileType = image.jpeg; path = incheon.jpg; sourceTree = "<group>"; };
		7A260883956854A34CD972AD /* Pods-DigitalNomad.debug.xcconfig */ = {isa = PBXFileReference; includeInIndex = 1; lastKnownFileType = text.xcconfig; name = "Pods-DigitalNomad.debug.xcconfig"; path = "Pods/Target Support Files/Pods-DigitalNomad/Pods-DigitalNomad.debug.xcconfig"; sourceTree = "<group>"; };
		EF0981C7A15615E7D418FFE8 /* Pods_DigitalNomad.framework */ = {isa = PBXFileReference; explicitFileType = wrapper.framework; includeInIndex = 0; path = Pods_DigitalNomad.framework; sourceTree = BUILT_PRODUCTS_DIR; };
/* End PBXFileReference section */

/* Begin PBXFrameworksBuildPhase section */
		19F2CDDA2041419B00CB113B /* Frameworks */ = {
			isa = PBXFrameworksBuildPhase;
			buildActionMask = 2147483647;
			files = (
				6B5411E120418EDA00DDB2D5 /* libsqlite3.tbd in Frameworks */,
				6B5411DF20418ED200DDB2D5 /* libxml2.tbd in Frameworks */,
				6B5411DD20418ECA00DDB2D5 /* libstdc++.6.tbd in Frameworks */,
				6B5411DB20418EBF00DDB2D5 /* QuartzCore.framework in Frameworks */,
				6B5411D920418EB800DDB2D5 /* CoreLocation.framework in Frameworks */,
				6B5411D720418EAE00DDB2D5 /* SystemConfiguration.framework in Frameworks */,
				6B5411D520418EA700DDB2D5 /* OpenGLES.framework in Frameworks */,
				6B54121E2041900600DDB2D5 /* DaumMap.framework in Frameworks */,
				CF98B968790711445E30E291 /* Pods_DigitalNomad.framework in Frameworks */,
			);
			runOnlyForDeploymentPostprocessing = 0;
		};
/* End PBXFrameworksBuildPhase section */

/* Begin PBXGroup section */
		191DBB4A20A7CD0D00423E69 /* Map */ = {
			isa = PBXGroup;
			children = (
				196C4AF92041493600C7BFAF /* Map.storyboard */,
				191A700520AFC40900D939C7 /* PlaceViewController.swift */,
				191A700720AFC41800D939C7 /* PlaceCell.swift */,
			);
			path = Map;
			sourceTree = "<group>";
		};
		191DBB4B20A7CD1800423E69 /* Note */ = {
			isa = PBXGroup;
			children = (
				191DFEC2204EA9520095E9C1 /* Note.storyboard */,
				191FD3FC20A8457B00918676 /* ParentViewController.swift */,
				191FD40020A84CDD00918676 /* CompleteViewController.swift */,
				191FD3F220A820C600918676 /* Goal */,
				191FD3F320A820CA00918676 /* Wish */,
			);
			path = Note;
			sourceTree = "<group>";
		};
		191DBB4C20A7CD1C00423E69 /* My */ = {
			isa = PBXGroup;
			children = (
				19EF0FE720A960200013DCF9 /* My.storyboard */,
				19C54AB420A9A10B00717C6F /* MeetUpCell.xib */,
				19C54AA420A988A100717C6F /* PopupMeetUpView.xib */,
				19EF0FE920A960C70013DCF9 /* MyViewController.swift */,
				19C54AB320A9A10B00717C6F /* MeetUpCell.swift */,
				19C54AA620A988C400717C6F /* PopupMeetUpView.swift */,
				19C54AAD20A99DDC00717C6F /* MyDetailViewController.swift */,
				1964915420AF19F1003B0D9A /* MyDetailViewCells.swift */,
			);
			path = My;
			sourceTree = "<group>";
		};
		191DFED0204EAFB70095E9C1 /* images */ = {
			isa = PBXGroup;
			children = (
				4A8AC3312070221E002F6B32 /* testImage.png */,
				6B5877A82064BBEA0001FAB5 /* researchData */,
				6B634A43204EF79F00A59EEF /* cafe.png */,
				6B634A44204EF79F00A59EEF /* restaurant.png */,
				6B634A45204EF79F00A59EEF /* kamel.png */,
			);
			path = images;
			sourceTree = "<group>";
		};
		191FD3F220A820C600918676 /* Goal */ = {
			isa = PBXGroup;
			children = (
				19B9366220A7E29C00FC826E /* GoalViewController.swift */,
				191FD3F620A8215F00918676 /* GoalCell.swift */,
				1946CBAF20AE4E3600A1A2BC /* GoalYesterdayView.xib */,
				1946CBB120AE4E4400A1A2BC /* GoalYesterdayView.swift */,
				1946CBB820AE500500A1A2BC /* GoalYesterdayCell.xib */,
				1946CBB720AE500500A1A2BC /* GoalYesterdayCell.swift */,
			);
			path = Goal;
			sourceTree = "<group>";
		};
		191FD3F320A820CA00918676 /* Wish */ = {
			isa = PBXGroup;
			children = (
				191FD3FA20A8457000918676 /* WishViewController.swift */,
				191FD3FE20A8483E00918676 /* WishCell.swift */,
				1946CBB520AE4E5600A1A2BC /* WishYesterdayView.xib */,
				1946CBB320AE4E4F00A1A2BC /* WishYesterdayView.swift */,
				1946CBBC20AE75C200A1A2BC /* WishYesterdayCell.xib */,
				1946CBBB20AE75C200A1A2BC /* WishYesterdayCell.swift */,
				194CD6DF20AC4F0B00110AFD /* CardView.xib */,
				194CD6DD20AC4EFF00110AFD /* CardView.swift */,
				194CD6E220AC4F5A00110AFD /* CardCell.xib */,
				194CD6E120AC4F5A00110AFD /* CardCell.swift */,
			);
			path = Wish;
			sourceTree = "<group>";
		};
		19362B7620A9C7E100419425 /* Deprecated */ = {
			isa = PBXGroup;
			children = (
				19F167E120B2A97600654914 /* Todo */,
			);
			path = Deprecated;
			sourceTree = "<group>";
		};
		195CFFAD2041AF010062A26C /* Extension */ = {
			isa = PBXGroup;
			children = (
				199B9D46207E2A160067D7A8 /* Date+.swift */,
				19B9365C20A7DB1800FC826E /* UIColor+.swift */,
				19B9365E20A7DB4000FC826E /* UIFont+.swift */,
				194CD6DB20ABFA6900110AFD /* UIImage+.swift */,
			);
			path = Extension;
			sourceTree = "<group>";
		};
		196BB72520A97C130009A196 /* Login */ = {
			isa = PBXGroup;
			children = (
				196C4AE32041440100C7BFAF /* Login.storyboard */,
				196C4AF12041455500C7BFAF /* LoginViewController.swift */,
			);
			path = Login;
			sourceTree = "<group>";
		};
		19C54AAC20A99B8800717C6F /* Start */ = {
			isa = PBXGroup;
			children = (
				198D92CA2061447E001325DD /* Start.storyboard */,
				19A5780620622A5700240B87 /* PopupStartView.xib */,
				198D92CC206144A7001325DD /* StartViewController.swift */,
				19A5780820622A6700240B87 /* PopupStartView.swift */,
				198A4D2720614D6900A78E83 /* ResearchViewController.swift */,
				198A4D2920614D7A00A78E83 /* ResearchResultViewController.swift */,
				191A700B20AFE37000D939C7 /* EnrollViewController.swift */,
				196E854B20AFE733009257A5 /* EnrollCells.swift */,
			);
			path = Start;
			sourceTree = "<group>";
		};
		19F2CDD42041419B00CB113B = {
			isa = PBXGroup;
			children = (
				19F2CDDF2041419C00CB113B /* DigitalNomad */,
				19F2CDDE2041419B00CB113B /* Products */,
				1FE3DE61D71977808C649D3B /* Pods */,
				DE9F4B44EC85F979CAFC25C7 /* Frameworks */,
			);
			sourceTree = "<group>";
		};
		19F2CDDE2041419B00CB113B /* Products */ = {
			isa = PBXGroup;
			children = (
				19F2CDDD2041419B00CB113B /* DigitalNomad.app */,
			);
			name = Products;
			sourceTree = "<group>";
		};
		19F2CDDF2041419C00CB113B /* DigitalNomad */ = {
			isa = PBXGroup;
			children = (
				19362B7620A9C7E100419425 /* Deprecated */,
				19F2CDEB2041419C00CB113B /* LaunchScreen.storyboard */,
				19F2CDF4204141B000CB113B /* Model */,
				19F2CDE62041419C00CB113B /* Main.storyboard */,
				196C4AF72041483200C7BFAF /* TabBarController.swift */,
				196BB72520A97C130009A196 /* Login */,
				19C54AAC20A99B8800717C6F /* Start */,
				191DBB4A20A7CD0D00423E69 /* Map */,
				191DBB4B20A7CD1800423E69 /* Note */,
				191DBB4C20A7CD1C00423E69 /* My */,
				195CFFAD2041AF010062A26C /* Extension */,
				19F2CDFA204141CD00CB113B /* Supporting Files */,
				19F2CDEE2041419C00CB113B /* Info.plist */,
				19E63EE020416D4D003D3155 /* GoogleService-Info.plist */,
				6B5411E220418F3000DDB2D5 /* DigitalNomad-Bridging-Header.h */,
			);
			path = DigitalNomad;
			sourceTree = "<group>";
		};
		19F2CDF4204141B000CB113B /* Model */ = {
			isa = PBXGroup;
			children = (
				199A930E2058E595007509A1 /* UserInfo.swift */,
				199A93122058E5A6007509A1 /* EmailInfo.swift */,
				199A93102058E59E007509A1 /* UserLocationInfo.swift */,
				19E6FCCF20420F12006E76EC /* MapLocationInfo.swift */,
				199A930C2058E58B007509A1 /* ProjectInfo.swift */,
				199A93142058E5AF007509A1 /* GoalListInfo.swift */,
				199A93162058E5B8007509A1 /* WishListInfo.swift */,
				195D639220B1122C005FB9FF /* EnrollInfo.swift */,
			);
			path = Model;
			sourceTree = "<group>";
		};
		19F2CDFA204141CD00CB113B /* Supporting Files */ = {
			isa = PBXGroup;
			children = (
				191DFED0204EAFB70095E9C1 /* images */,
				19F2CDE02041419C00CB113B /* AppDelegate.swift */,
				19F2CDE92041419C00CB113B /* Assets.xcassets */,
				19587FFA20766A4000FD3D01 /* ERProgressHud.swift */,
				1970BBC720AD4316005A593B /* ReachabilityManager.swift */,
			);
			path = "Supporting Files";
			sourceTree = "<group>";
		};
		1FE3DE61D71977808C649D3B /* Pods */ = {
			isa = PBXGroup;
			children = (
				7A260883956854A34CD972AD /* Pods-DigitalNomad.debug.xcconfig */,
				127FCB1B722A87C86E4884FD /* Pods-DigitalNomad.release.xcconfig */,
			);
			name = Pods;
			sourceTree = "<group>";
		};
		6B5411E52041900600DDB2D5 /* DaumMap.embeddedframework */ = {
			isa = PBXGroup;
			children = (
				6B5411E62041900600DDB2D5 /* Resources */,
				6B5412022041900600DDB2D5 /* DaumMap.framework */,
			);
			path = DaumMap.embeddedframework;
			sourceTree = "<group>";
		};
		6B5411E62041900600DDB2D5 /* Resources */ = {
			isa = PBXGroup;
			children = (
				6B5411E72041900600DDB2D5 /* map_pinup_custom@3x.png */,
				6B5411E82041900600DDB2D5 /* map_pin_custom.png */,
				6B5411E92041900600DDB2D5 /* shadow_balloon.png */,
				6B5411EA2041900600DDB2D5 /* map_pinup.png */,
				6B5411EB2041900600DDB2D5 /* detail_button.png */,
				6B5411EC2041900600DDB2D5 /* map_pin_custom@3x.png */,
				6B5411ED2041900600DDB2D5 /* map_pinup@3x.png */,
				6B5411EE2041900600DDB2D5 /* map_pin_shadow@3x.png */,
				6B5411EF2041900600DDB2D5 /* copyright.png */,
				6B5411F02041900600DDB2D5 /* th_line.png */,
				6B5411F12041900600DDB2D5 /* map_pin_red@3x.png */,
				6B5411F22041900600DDB2D5 /* daum_copyright.png */,
				6B5411F32041900600DDB2D5 /* map_pin@3x.png */,
				6B5411F42041900600DDB2D5 /* map_present_tracking.png */,
				6B5411F52041900600DDB2D5 /* map_pin_red.png */,
				6B5411F62041900600DDB2D5 /* info_box.png */,
				6B5411F72041900600DDB2D5 /* point_sprite.png */,
				6B5411F82041900600DDB2D5 /* map_pinup_custom.png */,
				6B5411F92041900600DDB2D5 /* info_box_tail.png */,
				6B5411FA2041900600DDB2D5 /* noimage256.png */,
				6B5411FB2041900600DDB2D5 /* map_present_direction.png */,
				6B5411FC2041900600DDB2D5 /* map_pin.png */,
				6B5411FD2041900600DDB2D5 /* map_present.png */,
				6B5411FE2041900600DDB2D5 /* noimage.png */,
				6B5411FF2041900600DDB2D5 /* map_present_background_update.png */,
				6B5412002041900600DDB2D5 /* daum_th_line.png */,
				6B5412012041900600DDB2D5 /* map_pin_shadow.png */,
			);
			path = Resources;
			sourceTree = "<group>";
		};
		6B5877A82064BBEA0001FAB5 /* researchData */ = {
			isa = PBXGroup;
			children = (
				6BA8A9BB2070313400DD7B3B /* busan.jpg */,
				6BA8A9BE2070313400DD7B3B /* daegu.jpg */,
				6BA8A9B82070313300DD7B3B /* daejun.jpg */,
				6BA8A9B92070313300DD7B3B /* gangwon.jpg */,
				6BA8A9C02070313400DD7B3B /* gwanju.jpg */,
				6BA8A9BA2070313300DD7B3B /* hamhae.JPG */,
				6BA8A9C12070313500DD7B3B /* incheon.jpg */,
				6BA8A9BC2070313400DD7B3B /* jaeju.jpg */,
				6BA8A9BD2070313400DD7B3B /* junju.jpg */,
				6BA8A9BF2070313400DD7B3B /* seoul.jpg */,
				6B3FDE4F206FECF30081332B /* citynature_111151.jpg */,
				6B3FDE44206FECEF0081332B /* citynature(1)_111151.jpg */,
				6B3FDE4E206FECF20081332B /* citynature(2)_111151.jpg */,
				6B3FDE4D206FECF20081332B /* coworking_111111.jpg */,
				6B3FDE5B206FECF90081332B /* coworking_111115.jpg */,
				6B3FDE42206FECEE0081332B /* coworking(1)_111111.jpg */,
				6B3FDE43206FECEE0081332B /* coworking(1)_111115.jpg */,
				6B3FDE47206FECF00081332B /* coworking(2)_111111.jpg */,
				6B3FDE53206FECF50081332B /* coworking(2)_111115.jpg */,
				6B3FDE55206FECF60081332B /* coworking(3)_111111.jpg */,
				6B3FDE40206FECED0081332B /* coworking(3)_111115.jpg */,
				6B3FDE5A206FECF90081332B /* culture_511111.jpg */,
				6B3FDE4A206FECF10081332B /* culture(1)_511111.jpg */,
				6B3FDE56206FECF60081332B /* culture(2)_511111.jpg */,
				6B3FDE49206FECF10081332B /* culture(3)_511111.jpg */,
				6B3FDE51206FECF40081332B /* history_151111.jpg */,
				6B3FDE5C206FECFA0081332B /* history(1)_151111.jpg */,
				6B3FDE4B206FECF10081332B /* history(2)_151111.jpg */,
				6B3FDE4C206FECF10081332B /* leports_115111.jpg */,
				6B3FDE54206FECF50081332B /* leports(1)_115111.jpg */,
				6B3FDE45206FECEF0081332B /* leports(2)_115111.jpg */,
				6B3FDE58206FECF70081332B /* leports(3)_115111.jpg */,
				6B3FDE52206FECF40081332B /* leports(4)_115111.jpg */,
				6B3FDE46206FECEF0081332B /* nature_111511.jpg */,
				6B3FDE59206FECF80081332B /* nature(1)_111511.jpg */,
				6B3FDE50206FECF30081332B /* nature(2)_111511.jpg */,
				6B3FDE57206FECF70081332B /* nature(3)_111511.jpg */,
				6B3FDE41206FECEE0081332B /* nature(4)_111511.jpg */,
				6B3FDE48206FECF00081332B /* nature(5)_111511.jpg */,
			);
			path = researchData;
			sourceTree = "<group>";
		};
		DE9F4B44EC85F979CAFC25C7 /* Frameworks */ = {
			isa = PBXGroup;
			children = (
				6B5411E52041900600DDB2D5 /* DaumMap.embeddedframework */,
				6B5411E020418EDA00DDB2D5 /* libsqlite3.tbd */,
				6B5411DE20418ED200DDB2D5 /* libxml2.tbd */,
				6B5411DC20418ECA00DDB2D5 /* libstdc++.6.tbd */,
				6B5411DA20418EBF00DDB2D5 /* QuartzCore.framework */,
				6B5411D820418EB800DDB2D5 /* CoreLocation.framework */,
				6B5411D620418EAE00DDB2D5 /* SystemConfiguration.framework */,
				6B5411D420418EA700DDB2D5 /* OpenGLES.framework */,
				EF0981C7A15615E7D418FFE8 /* Pods_DigitalNomad.framework */,
			);
			name = Frameworks;
			sourceTree = "<group>";
		};
/* End PBXGroup section */

/* Begin PBXNativeTarget section */
		19F2CDDC2041419B00CB113B /* DigitalNomad */ = {
			isa = PBXNativeTarget;
			buildConfigurationList = 19F2CDF12041419C00CB113B /* Build configuration list for PBXNativeTarget "DigitalNomad" */;
			buildPhases = (
				9BF52AE6818A57F39108789D /* [CP] Check Pods Manifest.lock */,
				19F2CDD92041419B00CB113B /* Sources */,
				19F2CDDA2041419B00CB113B /* Frameworks */,
				19F2CDDB2041419B00CB113B /* Resources */,
				C091C3D268E9052D2ADB4A42 /* [CP] Embed Pods Frameworks */,
				A25DF77ECA4776429C1A10C0 /* [CP] Copy Pods Resources */,
			);
			buildRules = (
			);
			dependencies = (
			);
			name = DigitalNomad;
			productName = DigitalNomad;
			productReference = 19F2CDDD2041419B00CB113B /* DigitalNomad.app */;
			productType = "com.apple.product-type.application";
		};
/* End PBXNativeTarget section */

/* Begin PBXProject section */
		19F2CDD52041419B00CB113B /* Project object */ = {
			isa = PBXProject;
			attributes = {
				LastSwiftUpdateCheck = 0920;
				LastUpgradeCheck = 0930;
				ORGANIZATIONNAME = MokMinSimSeo;
				TargetAttributes = {
					19F2CDDC2041419B00CB113B = {
						CreatedOnToolsVersion = 9.2;
						LastSwiftMigration = 0920;
						ProvisioningStyle = Automatic;
					};
				};
			};
			buildConfigurationList = 19F2CDD82041419B00CB113B /* Build configuration list for PBXProject "DigitalNomad" */;
			compatibilityVersion = "Xcode 8.0";
			developmentRegion = en;
			hasScannedForEncodings = 0;
			knownRegions = (
				Base,
			);
			mainGroup = 19F2CDD42041419B00CB113B;
			productRefGroup = 19F2CDDE2041419B00CB113B /* Products */;
			projectDirPath = "";
			projectRoot = "";
			targets = (
				19F2CDDC2041419B00CB113B /* DigitalNomad */,
			);
		};
/* End PBXProject section */

/* Begin PBXResourcesBuildPhase section */
		19F2CDDB2041419B00CB113B /* Resources */ = {
			isa = PBXResourcesBuildPhase;
			buildActionMask = 2147483647;
			files = (
				6B54120A2041900600DDB2D5 /* map_pin_shadow@3x.png in Resources */,
				6BA8A9C42070313500DD7B3B /* hamhae.JPG in Resources */,
				6B5412052041900600DDB2D5 /* shadow_balloon.png in Resources */,
				6B3FDE78206FECFA0081332B /* coworking_111115.jpg in Resources */,
				19F2CDED2041419C00CB113B /* LaunchScreen.storyboard in Resources */,
				19F167E220B2A97600654914 /* Todo in Resources */,
				6B3FDE74206FECFA0081332B /* nature(3)_111511.jpg in Resources */,
				6B3FDE77206FECFA0081332B /* culture_511111.jpg in Resources */,
				6B5412192041900600DDB2D5 /* map_present.png in Resources */,
				196C4AFA2041493600C7BFAF /* Map.storyboard in Resources */,
				6B634A48204EF79F00A59EEF /* kamel.png in Resources */,
				19E63EE120416D4D003D3155 /* GoogleService-Info.plist in Resources */,
				1946CBB020AE4E3600A1A2BC /* GoalYesterdayView.xib in Resources */,
				6B3FDE64206FECFA0081332B /* coworking(2)_111111.jpg in Resources */,
				1946CBBA20AE500500A1A2BC /* GoalYesterdayCell.xib in Resources */,
				191DFEC3204EA9520095E9C1 /* Note.storyboard in Resources */,
				6BA8A9C52070313500DD7B3B /* busan.jpg in Resources */,
				6B54121B2041900600DDB2D5 /* map_present_background_update.png in Resources */,
				6B3FDE62206FECFA0081332B /* leports(2)_115111.jpg in Resources */,
				6B3FDE68206FECFA0081332B /* history(2)_151111.jpg in Resources */,
				6B3FDE73206FECFA0081332B /* culture(2)_511111.jpg in Resources */,
				6B634A47204EF79F00A59EEF /* restaurant.png in Resources */,
				198D92CB2061447E001325DD /* Start.storyboard in Resources */,
				6BA8A9C92070313500DD7B3B /* seoul.jpg in Resources */,
				194CD6E420AC4F5A00110AFD /* CardCell.xib in Resources */,
				6B5412072041900600DDB2D5 /* detail_button.png in Resources */,
				19EF0FE820A960200013DCF9 /* My.storyboard in Resources */,
				19F2CDEA2041419C00CB113B /* Assets.xcassets in Resources */,
				6BA8A9C22070313500DD7B3B /* daejun.jpg in Resources */,
				6B54120D2041900600DDB2D5 /* map_pin_red@3x.png in Resources */,
				6B5412152041900600DDB2D5 /* info_box_tail.png in Resources */,
				6B5412182041900600DDB2D5 /* map_pin.png in Resources */,
				6B3FDE6D206FECFA0081332B /* nature(2)_111511.jpg in Resources */,
				6B54121A2041900600DDB2D5 /* noimage.png in Resources */,
				1946CBBE20AE75C200A1A2BC /* WishYesterdayCell.xib in Resources */,
				6B54121C2041900600DDB2D5 /* daum_th_line.png in Resources */,
				6B3FDE67206FECFA0081332B /* culture(1)_511111.jpg in Resources */,
				6B3FDE6C206FECFA0081332B /* citynature_111151.jpg in Resources */,
				6B54120B2041900600DDB2D5 /* copyright.png in Resources */,
				19A5780720622A5700240B87 /* PopupStartView.xib in Resources */,
				6B3FDE6F206FECFA0081332B /* leports(4)_115111.jpg in Resources */,
				6B3FDE6E206FECFA0081332B /* history_151111.jpg in Resources */,
				6BA8A9C72070313500DD7B3B /* junju.jpg in Resources */,
				6B54120F2041900600DDB2D5 /* map_pin@3x.png in Resources */,
				6B3FDE75206FECFA0081332B /* leports(3)_115111.jpg in Resources */,
				6BA8A9CB2070313500DD7B3B /* incheon.jpg in Resources */,
				6B3FDE5F206FECFA0081332B /* coworking(1)_111111.jpg in Resources */,
				6B5412172041900600DDB2D5 /* map_present_direction.png in Resources */,
				6B3FDE72206FECFA0081332B /* coworking(3)_111111.jpg in Resources */,
				6B3FDE70206FECFA0081332B /* coworking(2)_111115.jpg in Resources */,
				6B5412062041900600DDB2D5 /* map_pinup.png in Resources */,
				6B3FDE61206FECFA0081332B /* citynature(1)_111151.jpg in Resources */,
				6B3FDE6A206FECFA0081332B /* coworking_111111.jpg in Resources */,
				19C54AB620A9A10B00717C6F /* MeetUpCell.xib in Resources */,
				195628B620701352004B3AF7 /* culture(3)_511111.jpg in Resources */,
				6B3FDE69206FECFA0081332B /* leports_115111.jpg in Resources */,
				6B3FDE65206FECFA0081332B /* nature(5)_111511.jpg in Resources */,
				6B5412122041900600DDB2D5 /* info_box.png in Resources */,
				6B3FDE5D206FECFA0081332B /* coworking(3)_111115.jpg in Resources */,
				6B54120C2041900600DDB2D5 /* th_line.png in Resources */,
				6B5412082041900600DDB2D5 /* map_pin_custom@3x.png in Resources */,
				6B3FDE60206FECFA0081332B /* coworking(1)_111115.jpg in Resources */,
				6B634A46204EF79F00A59EEF /* cafe.png in Resources */,
				6B5412092041900600DDB2D5 /* map_pinup@3x.png in Resources */,
				6B5412142041900600DDB2D5 /* map_pinup_custom.png in Resources */,
				6B5412102041900600DDB2D5 /* map_present_tracking.png in Resources */,
				6BA8A9C32070313500DD7B3B /* gangwon.jpg in Resources */,
				6B5412112041900600DDB2D5 /* map_pin_red.png in Resources */,
				6B54121D2041900600DDB2D5 /* map_pin_shadow.png in Resources */,
				6B3FDE5E206FECFA0081332B /* nature(4)_111511.jpg in Resources */,
				6BA8A9C62070313500DD7B3B /* jaeju.jpg in Resources */,
				19C54AA520A988A100717C6F /* PopupMeetUpView.xib in Resources */,
				196C4AE42041440100C7BFAF /* Login.storyboard in Resources */,
				6B5412132041900600DDB2D5 /* point_sprite.png in Resources */,
				1946CBB620AE4E5600A1A2BC /* WishYesterdayView.xib in Resources */,
				6B3FDE71206FECFA0081332B /* leports(1)_115111.jpg in Resources */,
				19F2CDE82041419C00CB113B /* Main.storyboard in Resources */,
				6B54120E2041900600DDB2D5 /* daum_copyright.png in Resources */,
				194CD6E020AC4F0B00110AFD /* CardView.xib in Resources */,
				6B3FDE63206FECFA0081332B /* nature_111511.jpg in Resources */,
				6BA8A9CA2070313500DD7B3B /* gwanju.jpg in Resources */,
				6B3FDE76206FECFA0081332B /* nature(1)_111511.jpg in Resources */,
				6B3FDE79206FECFA0081332B /* history(1)_151111.jpg in Resources */,
				6B5412032041900600DDB2D5 /* map_pinup_custom@3x.png in Resources */,
				6B5412162041900600DDB2D5 /* noimage256.png in Resources */,
				6B3FDE6B206FECFA0081332B /* citynature(2)_111151.jpg in Resources */,
				4A8AC3322070221E002F6B32 /* testImage.png in Resources */,
				6B5412042041900600DDB2D5 /* map_pin_custom.png in Resources */,
				6BA8A9C82070313500DD7B3B /* daegu.jpg in Resources */,
			);
			runOnlyForDeploymentPostprocessing = 0;
		};
/* End PBXResourcesBuildPhase section */

/* Begin PBXShellScriptBuildPhase section */
		9BF52AE6818A57F39108789D /* [CP] Check Pods Manifest.lock */ = {
			isa = PBXShellScriptBuildPhase;
			buildActionMask = 2147483647;
			files = (
			);
			inputPaths = (
				"${PODS_PODFILE_DIR_PATH}/Podfile.lock",
				"${PODS_ROOT}/Manifest.lock",
			);
			name = "[CP] Check Pods Manifest.lock";
			outputPaths = (
				"$(DERIVED_FILE_DIR)/Pods-DigitalNomad-checkManifestLockResult.txt",
			);
			runOnlyForDeploymentPostprocessing = 0;
			shellPath = /bin/sh;
			shellScript = "diff \"${PODS_PODFILE_DIR_PATH}/Podfile.lock\" \"${PODS_ROOT}/Manifest.lock\" > /dev/null\nif [ $? != 0 ] ; then\n    # print error to STDERR\n    echo \"error: The sandbox is not in sync with the Podfile.lock. Run 'pod install' or update your CocoaPods installation.\" >&2\n    exit 1\nfi\n# This output is used by Xcode 'outputs' to avoid re-running this script phase.\necho \"SUCCESS\" > \"${SCRIPT_OUTPUT_FILE_0}\"\n";
			showEnvVarsInLog = 0;
		};
		A25DF77ECA4776429C1A10C0 /* [CP] Copy Pods Resources */ = {
			isa = PBXShellScriptBuildPhase;
			buildActionMask = 2147483647;
			files = (
			);
			inputPaths = (
				"${SRCROOT}/Pods/Target Support Files/Pods-DigitalNomad/Pods-DigitalNomad-resources.sh",
				"${PODS_ROOT}/GoogleSignIn/Resources/GoogleSignIn.bundle",
			);
			name = "[CP] Copy Pods Resources";
			outputPaths = (
				"${TARGET_BUILD_DIR}/${UNLOCALIZED_RESOURCES_FOLDER_PATH}/GoogleSignIn.bundle",
			);
			runOnlyForDeploymentPostprocessing = 0;
			shellPath = /bin/sh;
			shellScript = "\"${SRCROOT}/Pods/Target Support Files/Pods-DigitalNomad/Pods-DigitalNomad-resources.sh\"\n";
			showEnvVarsInLog = 0;
		};
		C091C3D268E9052D2ADB4A42 /* [CP] Embed Pods Frameworks */ = {
			isa = PBXShellScriptBuildPhase;
			buildActionMask = 2147483647;
			files = (
			);
			inputPaths = (
				"${SRCROOT}/Pods/Target Support Files/Pods-DigitalNomad/Pods-DigitalNomad-frameworks.sh",
				"${BUILT_PRODUCTS_DIR}/AKPickerView-Swift/AKPickerView_Swift.framework",
				"${BUILT_PRODUCTS_DIR}/Alamofire/Alamofire.framework",
				"${BUILT_PRODUCTS_DIR}/BEMCheckBox/BEMCheckBox.framework",
				"${BUILT_PRODUCTS_DIR}/DZNEmptyDataSet/DZNEmptyDataSet.framework",
				"${BUILT_PRODUCTS_DIR}/FSPagerView/FSPagerView.framework",
				"${BUILT_PRODUCTS_DIR}/GTMOAuth2/GTMOAuth2.framework",
				"${BUILT_PRODUCTS_DIR}/GTMSessionFetcher/GTMSessionFetcher.framework",
				"${BUILT_PRODUCTS_DIR}/GoogleToolboxForMac/GoogleToolboxForMac.framework",
				"${BUILT_PRODUCTS_DIR}/MarqueeLabel/MarqueeLabel.framework",
				"${BUILT_PRODUCTS_DIR}/ReachabilitySwift/Reachability.framework",
				"${BUILT_PRODUCTS_DIR}/Realm/Realm.framework",
				"${BUILT_PRODUCTS_DIR}/RealmSwift/RealmSwift.framework",
				"${BUILT_PRODUCTS_DIR}/SDWebImage/SDWebImage.framework",
				"${BUILT_PRODUCTS_DIR}/SnapKit/SnapKit.framework",
				"${BUILT_PRODUCTS_DIR}/SwipeCellKit/SwipeCellKit.framework",
				"${BUILT_PRODUCTS_DIR}/Tags/Tags.framework",
				"${BUILT_PRODUCTS_DIR}/Toaster/Toaster.framework",
				"${BUILT_PRODUCTS_DIR}/leveldb-library/leveldb.framework",
				"${BUILT_PRODUCTS_DIR}/lottie-ios/Lottie.framework",
				"${BUILT_PRODUCTS_DIR}/nanopb/nanopb.framework",
			);
			name = "[CP] Embed Pods Frameworks";
			outputPaths = (
				"${TARGET_BUILD_DIR}/${FRAMEWORKS_FOLDER_PATH}/AKPickerView_Swift.framework",
				"${TARGET_BUILD_DIR}/${FRAMEWORKS_FOLDER_PATH}/Alamofire.framework",
				"${TARGET_BUILD_DIR}/${FRAMEWORKS_FOLDER_PATH}/BEMCheckBox.framework",
				"${TARGET_BUILD_DIR}/${FRAMEWORKS_FOLDER_PATH}/DZNEmptyDataSet.framework",
				"${TARGET_BUILD_DIR}/${FRAMEWORKS_FOLDER_PATH}/FSPagerView.framework",
				"${TARGET_BUILD_DIR}/${FRAMEWORKS_FOLDER_PATH}/GTMOAuth2.framework",
				"${TARGET_BUILD_DIR}/${FRAMEWORKS_FOLDER_PATH}/GTMSessionFetcher.framework",
				"${TARGET_BUILD_DIR}/${FRAMEWORKS_FOLDER_PATH}/GoogleToolboxForMac.framework",
				"${TARGET_BUILD_DIR}/${FRAMEWORKS_FOLDER_PATH}/MarqueeLabel.framework",
				"${TARGET_BUILD_DIR}/${FRAMEWORKS_FOLDER_PATH}/Reachability.framework",
				"${TARGET_BUILD_DIR}/${FRAMEWORKS_FOLDER_PATH}/Realm.framework",
				"${TARGET_BUILD_DIR}/${FRAMEWORKS_FOLDER_PATH}/RealmSwift.framework",
				"${TARGET_BUILD_DIR}/${FRAMEWORKS_FOLDER_PATH}/SDWebImage.framework",
				"${TARGET_BUILD_DIR}/${FRAMEWORKS_FOLDER_PATH}/SnapKit.framework",
				"${TARGET_BUILD_DIR}/${FRAMEWORKS_FOLDER_PATH}/SwipeCellKit.framework",
				"${TARGET_BUILD_DIR}/${FRAMEWORKS_FOLDER_PATH}/Tags.framework",
				"${TARGET_BUILD_DIR}/${FRAMEWORKS_FOLDER_PATH}/Toaster.framework",
				"${TARGET_BUILD_DIR}/${FRAMEWORKS_FOLDER_PATH}/leveldb.framework",
				"${TARGET_BUILD_DIR}/${FRAMEWORKS_FOLDER_PATH}/Lottie.framework",
				"${TARGET_BUILD_DIR}/${FRAMEWORKS_FOLDER_PATH}/nanopb.framework",
			);
			runOnlyForDeploymentPostprocessing = 0;
			shellPath = /bin/sh;
			shellScript = "\"${SRCROOT}/Pods/Target Support Files/Pods-DigitalNomad/Pods-DigitalNomad-frameworks.sh\"\n";
			showEnvVarsInLog = 0;
		};
/* End PBXShellScriptBuildPhase section */

/* Begin PBXSourcesBuildPhase section */
		19F2CDD92041419B00CB113B /* Sources */ = {
			isa = PBXSourcesBuildPhase;
			buildActionMask = 2147483647;
			files = (
				194CD6DC20ABFA6900110AFD /* UIImage+.swift in Sources */,
				196C4AF22041455500C7BFAF /* LoginViewController.swift in Sources */,
				198A4D2A20614D7A00A78E83 /* ResearchResultViewController.swift in Sources */,
				19EF0FEA20A960C70013DCF9 /* MyViewController.swift in Sources */,
				199A93152058E5AF007509A1 /* GoalListInfo.swift in Sources */,
				196C4AF82041483200C7BFAF /* TabBarController.swift in Sources */,
				1946CBBD20AE75C200A1A2BC /* WishYesterdayCell.swift in Sources */,
				1964915520AF19F1003B0D9A /* MyDetailViewCells.swift in Sources */,
				198D92CD206144A7001325DD /* StartViewController.swift in Sources */,
				19C54AA720A988C400717C6F /* PopupMeetUpView.swift in Sources */,
				19C54AAE20A99DDC00717C6F /* MyDetailViewController.swift in Sources */,
				1946CBB420AE4E4F00A1A2BC /* WishYesterdayView.swift in Sources */,
				191FD3FB20A8457000918676 /* WishViewController.swift in Sources */,
				1946CBB220AE4E4400A1A2BC /* GoalYesterdayView.swift in Sources */,
				191FD3FF20A8483E00918676 /* WishCell.swift in Sources */,
				1970BBC820AD4316005A593B /* ReachabilityManager.swift in Sources */,
				199A93112058E59E007509A1 /* UserLocationInfo.swift in Sources */,
				199A930D2058E58B007509A1 /* ProjectInfo.swift in Sources */,
				19F2CDE12041419C00CB113B /* AppDelegate.swift in Sources */,
				191FD3F820A8215F00918676 /* GoalCell.swift in Sources */,
				199B9D47207E2A160067D7A8 /* Date+.swift in Sources */,
				199A93172058E5B8007509A1 /* WishListInfo.swift in Sources */,
				19A5780920622A6700240B87 /* PopupStartView.swift in Sources */,
				1946CBB920AE500500A1A2BC /* GoalYesterdayCell.swift in Sources */,
				191FD3FD20A8457B00918676 /* ParentViewController.swift in Sources */,
				196E854C20AFE733009257A5 /* EnrollCells.swift in Sources */,
				191A700C20AFE37000D939C7 /* EnrollViewController.swift in Sources */,
				195D639320B1122C005FB9FF /* EnrollInfo.swift in Sources */,
				19B9365F20A7DB4000FC826E /* UIFont+.swift in Sources */,
				19B9366320A7E29C00FC826E /* GoalViewController.swift in Sources */,
				19C54AB520A9A10B00717C6F /* MeetUpCell.swift in Sources */,
				191A700620AFC40900D939C7 /* PlaceViewController.swift in Sources */,
				194CD6E320AC4F5A00110AFD /* CardCell.swift in Sources */,
				19E6FCD020420F12006E76EC /* MapLocationInfo.swift in Sources */,
				191A700820AFC41800D939C7 /* PlaceCell.swift in Sources */,
				198A4D2820614D6900A78E83 /* ResearchViewController.swift in Sources */,
				19587FFB20766A4000FD3D01 /* ERProgressHud.swift in Sources */,
				194CD6DE20AC4EFF00110AFD /* CardView.swift in Sources */,
				199A93132058E5A6007509A1 /* EmailInfo.swift in Sources */,
				199A930F2058E595007509A1 /* UserInfo.swift in Sources */,
				19B9365D20A7DB1800FC826E /* UIColor+.swift in Sources */,
				191FD40120A84CDD00918676 /* CompleteViewController.swift in Sources */,
			);
			runOnlyForDeploymentPostprocessing = 0;
		};
/* End PBXSourcesBuildPhase section */

/* Begin PBXVariantGroup section */
		19F2CDE62041419C00CB113B /* Main.storyboard */ = {
			isa = PBXVariantGroup;
			children = (
				19F2CDE72041419C00CB113B /* Base */,
				196C4AF5204145B200C7BFAF /* ko */,
			);
			name = Main.storyboard;
			sourceTree = "<group>";
		};
		19F2CDEB2041419C00CB113B /* LaunchScreen.storyboard */ = {
			isa = PBXVariantGroup;
			children = (
				19F2CDEC2041419C00CB113B /* Base */,
				196C4AF6204145B200C7BFAF /* ko */,
			);
			name = LaunchScreen.storyboard;
			sourceTree = "<group>";
		};
/* End PBXVariantGroup section */

/* Begin XCBuildConfiguration section */
		19F2CDEF2041419C00CB113B /* Debug */ = {
			isa = XCBuildConfiguration;
			buildSettings = {
				ALWAYS_SEARCH_USER_PATHS = NO;
				CLANG_ANALYZER_NONNULL = YES;
				CLANG_ANALYZER_NUMBER_OBJECT_CONVERSION = YES_AGGRESSIVE;
				CLANG_CXX_LANGUAGE_STANDARD = "gnu++14";
				CLANG_CXX_LIBRARY = "libc++";
				CLANG_ENABLE_MODULES = YES;
				CLANG_ENABLE_OBJC_ARC = YES;
				CLANG_WARN_BLOCK_CAPTURE_AUTORELEASING = YES;
				CLANG_WARN_BOOL_CONVERSION = YES;
				CLANG_WARN_COMMA = YES;
				CLANG_WARN_CONSTANT_CONVERSION = YES;
				CLANG_WARN_DEPRECATED_OBJC_IMPLEMENTATIONS = YES;
				CLANG_WARN_DIRECT_OBJC_ISA_USAGE = YES_ERROR;
				CLANG_WARN_DOCUMENTATION_COMMENTS = YES;
				CLANG_WARN_EMPTY_BODY = YES;
				CLANG_WARN_ENUM_CONVERSION = YES;
				CLANG_WARN_INFINITE_RECURSION = YES;
				CLANG_WARN_INT_CONVERSION = YES;
				CLANG_WARN_NON_LITERAL_NULL_CONVERSION = YES;
				CLANG_WARN_OBJC_IMPLICIT_RETAIN_SELF = YES;
				CLANG_WARN_OBJC_LITERAL_CONVERSION = YES;
				CLANG_WARN_OBJC_ROOT_CLASS = YES_ERROR;
				CLANG_WARN_RANGE_LOOP_ANALYSIS = YES;
				CLANG_WARN_STRICT_PROTOTYPES = YES;
				CLANG_WARN_SUSPICIOUS_MOVE = YES;
				CLANG_WARN_UNGUARDED_AVAILABILITY = YES_AGGRESSIVE;
				CLANG_WARN_UNREACHABLE_CODE = YES;
				CLANG_WARN__DUPLICATE_METHOD_MATCH = YES;
				CODE_SIGN_IDENTITY = "iPhone Developer";
				COPY_PHASE_STRIP = NO;
				DEBUG_INFORMATION_FORMAT = dwarf;
				ENABLE_STRICT_OBJC_MSGSEND = YES;
				ENABLE_TESTABILITY = YES;
				GCC_C_LANGUAGE_STANDARD = gnu11;
				GCC_DYNAMIC_NO_PIC = NO;
				GCC_NO_COMMON_BLOCKS = YES;
				GCC_OPTIMIZATION_LEVEL = 0;
				GCC_PREPROCESSOR_DEFINITIONS = (
					"DEBUG=1",
					"$(inherited)",
				);
				GCC_WARN_64_TO_32_BIT_CONVERSION = YES;
				GCC_WARN_ABOUT_RETURN_TYPE = YES_ERROR;
				GCC_WARN_UNDECLARED_SELECTOR = YES;
				GCC_WARN_UNINITIALIZED_AUTOS = YES_AGGRESSIVE;
				GCC_WARN_UNUSED_FUNCTION = YES;
				GCC_WARN_UNUSED_VARIABLE = YES;
				IPHONEOS_DEPLOYMENT_TARGET = 10.0;
				MTL_ENABLE_DEBUG_INFO = YES;
				ONLY_ACTIVE_ARCH = YES;
				SDKROOT = iphoneos;
				SWIFT_ACTIVE_COMPILATION_CONDITIONS = DEBUG;
				SWIFT_OPTIMIZATION_LEVEL = "-Onone";
			};
			name = Debug;
		};
		19F2CDF02041419C00CB113B /* Release */ = {
			isa = XCBuildConfiguration;
			buildSettings = {
				ALWAYS_SEARCH_USER_PATHS = NO;
				CLANG_ANALYZER_NONNULL = YES;
				CLANG_ANALYZER_NUMBER_OBJECT_CONVERSION = YES_AGGRESSIVE;
				CLANG_CXX_LANGUAGE_STANDARD = "gnu++14";
				CLANG_CXX_LIBRARY = "libc++";
				CLANG_ENABLE_MODULES = YES;
				CLANG_ENABLE_OBJC_ARC = YES;
				CLANG_WARN_BLOCK_CAPTURE_AUTORELEASING = YES;
				CLANG_WARN_BOOL_CONVERSION = YES;
				CLANG_WARN_COMMA = YES;
				CLANG_WARN_CONSTANT_CONVERSION = YES;
				CLANG_WARN_DEPRECATED_OBJC_IMPLEMENTATIONS = YES;
				CLANG_WARN_DIRECT_OBJC_ISA_USAGE = YES_ERROR;
				CLANG_WARN_DOCUMENTATION_COMMENTS = YES;
				CLANG_WARN_EMPTY_BODY = YES;
				CLANG_WARN_ENUM_CONVERSION = YES;
				CLANG_WARN_INFINITE_RECURSION = YES;
				CLANG_WARN_INT_CONVERSION = YES;
				CLANG_WARN_NON_LITERAL_NULL_CONVERSION = YES;
				CLANG_WARN_OBJC_IMPLICIT_RETAIN_SELF = YES;
				CLANG_WARN_OBJC_LITERAL_CONVERSION = YES;
				CLANG_WARN_OBJC_ROOT_CLASS = YES_ERROR;
				CLANG_WARN_RANGE_LOOP_ANALYSIS = YES;
				CLANG_WARN_STRICT_PROTOTYPES = YES;
				CLANG_WARN_SUSPICIOUS_MOVE = YES;
				CLANG_WARN_UNGUARDED_AVAILABILITY = YES_AGGRESSIVE;
				CLANG_WARN_UNREACHABLE_CODE = YES;
				CLANG_WARN__DUPLICATE_METHOD_MATCH = YES;
				CODE_SIGN_IDENTITY = "iPhone Developer";
				COPY_PHASE_STRIP = NO;
				DEBUG_INFORMATION_FORMAT = "dwarf-with-dsym";
				ENABLE_NS_ASSERTIONS = NO;
				ENABLE_STRICT_OBJC_MSGSEND = YES;
				GCC_C_LANGUAGE_STANDARD = gnu11;
				GCC_NO_COMMON_BLOCKS = YES;
				GCC_WARN_64_TO_32_BIT_CONVERSION = YES;
				GCC_WARN_ABOUT_RETURN_TYPE = YES_ERROR;
				GCC_WARN_UNDECLARED_SELECTOR = YES;
				GCC_WARN_UNINITIALIZED_AUTOS = YES_AGGRESSIVE;
				GCC_WARN_UNUSED_FUNCTION = YES;
				GCC_WARN_UNUSED_VARIABLE = YES;
				IPHONEOS_DEPLOYMENT_TARGET = 10.0;
				MTL_ENABLE_DEBUG_INFO = NO;
				SDKROOT = iphoneos;
				SWIFT_OPTIMIZATION_LEVEL = "-Owholemodule";
				VALIDATE_PRODUCT = YES;
			};
			name = Release;
		};
		19F2CDF22041419C00CB113B /* Debug */ = {
			isa = XCBuildConfiguration;
			baseConfigurationReference = 7A260883956854A34CD972AD /* Pods-DigitalNomad.debug.xcconfig */;
			buildSettings = {
				ASSETCATALOG_COMPILER_APPICON_NAME = AppIcon;
				CLANG_ENABLE_MODULES = YES;
				CLANG_ENABLE_OBJC_ARC = NO;
				CLANG_ENABLE_OBJC_WEAK = YES;
				CODE_SIGN_IDENTITY = "iPhone Developer";
				CODE_SIGN_STYLE = Automatic;
				DEVELOPMENT_TEAM = 9RVFJQPN7Q;
				ENABLE_BITCODE = NO;
				FRAMEWORK_SEARCH_PATHS = (
					"$(inherited)",
					"$(PROJECT_DIR)/DaumMap.embeddedframework",
				);
				INFOPLIST_FILE = DigitalNomad/Info.plist;
				IPHONEOS_DEPLOYMENT_TARGET = 11.3;
				LD_RUNPATH_SEARCH_PATHS = "$(inherited) @executable_path/Frameworks";
				PRODUCT_BUNDLE_IDENTIFIER = com.yapp.digitalnomad;
				PRODUCT_NAME = "$(TARGET_NAME)";
				PROVISIONING_PROFILE_SPECIFIER = "";
				SWIFT_OBJC_BRIDGING_HEADER = "DigitalNomad/DigitalNomad-Bridging-Header.h";
				SWIFT_OPTIMIZATION_LEVEL = "-Onone";
				SWIFT_VERSION = 4.0;
				TARGETED_DEVICE_FAMILY = 1;
			};
			name = Debug;
		};
		19F2CDF32041419C00CB113B /* Release */ = {
			isa = XCBuildConfiguration;
			baseConfigurationReference = 127FCB1B722A87C86E4884FD /* Pods-DigitalNomad.release.xcconfig */;
			buildSettings = {
				ASSETCATALOG_COMPILER_APPICON_NAME = AppIcon;
				CLANG_ENABLE_MODULES = YES;
				CLANG_ENABLE_OBJC_ARC = NO;
				CLANG_ENABLE_OBJC_WEAK = YES;
				CODE_SIGN_IDENTITY = "iPhone Developer";
				CODE_SIGN_STYLE = Automatic;
				DEVELOPMENT_TEAM = 9RVFJQPN7Q;
				ENABLE_BITCODE = NO;
				FRAMEWORK_SEARCH_PATHS = (
					"$(inherited)",
					"$(PROJECT_DIR)/DaumMap.embeddedframework",
				);
				INFOPLIST_FILE = DigitalNomad/Info.plist;
				IPHONEOS_DEPLOYMENT_TARGET = 11.3;
				LD_RUNPATH_SEARCH_PATHS = "$(inherited) @executable_path/Frameworks";
				PRODUCT_BUNDLE_IDENTIFIER = com.yapp.digitalnomad;
				PRODUCT_NAME = "$(TARGET_NAME)";
				PROVISIONING_PROFILE_SPECIFIER = "";
				SWIFT_OBJC_BRIDGING_HEADER = "DigitalNomad/DigitalNomad-Bridging-Header.h";
				SWIFT_VERSION = 4.0;
				TARGETED_DEVICE_FAMILY = 1;
			};
			name = Release;
		};
/* End XCBuildConfiguration section */

/* Begin XCConfigurationList section */
		19F2CDD82041419B00CB113B /* Build configuration list for PBXProject "DigitalNomad" */ = {
			isa = XCConfigurationList;
			buildConfigurations = (
				19F2CDEF2041419C00CB113B /* Debug */,
				19F2CDF02041419C00CB113B /* Release */,
			);
			defaultConfigurationIsVisible = 0;
			defaultConfigurationName = Release;
		};
		19F2CDF12041419C00CB113B /* Build configuration list for PBXNativeTarget "DigitalNomad" */ = {
			isa = XCConfigurationList;
			buildConfigurations = (
				19F2CDF22041419C00CB113B /* Debug */,
				19F2CDF32041419C00CB113B /* Release */,
			);
			defaultConfigurationIsVisible = 0;
			defaultConfigurationName = Release;
		};
/* End XCConfigurationList section */
	};
	rootObject = 19F2CDD52041419B00CB113B /* Project object */;
}
